
Microsoft Visual Studio Solution File, Format Version 12.00
# Visual Studio 14
VisualStudioVersion = 14.0.25420.1
MinimumVisualStudioVersion = 10.0.40219.1
Project("{2150E333-8FDC-42A3-9474-1A3956D46DE8}") = "Kernel", "Kernel", "{9D34DFC6-3A83-4CF8-9665-A0D0BFBD2703}"
EndProject
Project("{FAE04EC0-301F-11D3-BF4B-00C04F79EFBC}") = "LetsTalk.Kernel", "LetsTalk.Kernel\LetsTalk.Kernel.csproj", "{FCADD41C-8BE3-469E-94A9-25E3F79508B8}"
EndProject
Project("{2150E333-8FDC-42A3-9474-1A3956D46DE8}") = "Backend", "Backend", "{195F1FC2-E82B-49CB-99A2-556B8777DB5F}"
EndProject
Project("{FAE04EC0-301F-11D3-BF4B-00C04F79EFBC}") = "LetsTalk.Backend", "LetsTalk.Backend\LetsTalk.Backend.csproj", "{719CF015-C2CE-463E-824A-4AA645F7A5D0}"
EndProject
Project("{2150E333-8FDC-42A3-9474-1A3956D46DE8}") = "EmployeeClient", "EmployeeClient", "{25DDB70E-35C9-4377-8045-26416B4D7735}"
EndProject
Project("{FAE04EC0-301F-11D3-BF4B-00C04F79EFBC}") = "EmployeeClient", "EmployeeClient\EmployeeClient.csproj", "{56B05394-3053-4685-8FA4-EB4421FE4BAB}"
EndProject
Global
	GlobalSection(SolutionConfigurationPlatforms) = preSolution
		Debug|Any CPU = Debug|Any CPU
		Release|Any CPU = Release|Any CPU
	EndGlobalSection
	GlobalSection(ProjectConfigurationPlatforms) = postSolution
		{FCADD41C-8BE3-469E-94A9-25E3F79508B8}.Debug|Any CPU.ActiveCfg = Debug|Any CPU
		{FCADD41C-8BE3-469E-94A9-25E3F79508B8}.Debug|Any CPU.Build.0 = Debug|Any CPU
		{FCADD41C-8BE3-469E-94A9-25E3F79508B8}.Release|Any CPU.ActiveCfg = Release|Any CPU
		{FCADD41C-8BE3-469E-94A9-25E3F79508B8}.Release|Any CPU.Build.0 = Release|Any CPU
		{719CF015-C2CE-463E-824A-4AA645F7A5D0}.Debug|Any CPU.ActiveCfg = Debug|Any CPU
		{719CF015-C2CE-463E-824A-4AA645F7A5D0}.Debug|Any CPU.Build.0 = Debug|Any CPU
		{719CF015-C2CE-463E-824A-4AA645F7A5D0}.Release|Any CPU.ActiveCfg = Release|Any CPU
		{719CF015-C2CE-463E-824A-4AA645F7A5D0}.Release|Any CPU.Build.0 = Release|Any CPU
		{56B05394-3053-4685-8FA4-EB4421FE4BAB}.Debug|Any CPU.ActiveCfg = Debug|Any CPU
		{56B05394-3053-4685-8FA4-EB4421FE4BAB}.Debug|Any CPU.Build.0 = Debug|Any CPU
		{56B05394-3053-4685-8FA4-EB4421FE4BAB}.Release|Any CPU.ActiveCfg = Release|Any CPU
		{56B05394-3053-4685-8FA4-EB4421FE4BAB}.Release|Any CPU.Build.0 = Release|Any CPU
	EndGlobalSection
	GlobalSection(SolutionProperties) = preSolution
		HideSolutionNode = FALSE
	EndGlobalSection
	GlobalSection(NestedProjects) = preSolution
		{FCADD41C-8BE3-469E-94A9-25E3F79508B8} = {9D34DFC6-3A83-4CF8-9665-A0D0BFBD2703}
		{719CF015-C2CE-463E-824A-4AA645F7A5D0} = {195F1FC2-E82B-49CB-99A2-556B8777DB5F}
		{56B05394-3053-4685-8FA4-EB4421FE4BAB} = {25DDB70E-35C9-4377-8045-26416B4D7735}
	EndGlobalSection
EndGlobal
