
Microsoft Visual Studio Solution File, Format Version 12.00
# Visual Studio 14
VisualStudioVersion = 14.0.25420.1
MinimumVisualStudioVersion = 10.0.40219.1
Project("{2150E333-8FDC-42A3-9474-1A3956D46DE8}") = "Core", "Core", "{9D34DFC6-3A83-4CF8-9665-A0D0BFBD2703}"
EndProject
Project("{FAE04EC0-301F-11D3-BF4B-00C04F79EFBC}") = "LetsTalk.Core.Kernel", "LetsTalk.Core.Kernel\LetsTalk.Core.Kernel.csproj", "{FCADD41C-8BE3-469E-94A9-25E3F79508B8}"
EndProject
Project("{2150E333-8FDC-42A3-9474-1A3956D46DE8}") = "_Backend Service", "_Backend Service", "{195F1FC2-E82B-49CB-99A2-556B8777DB5F}"
EndProject
Project("{FAE04EC0-301F-11D3-BF4B-00C04F79EFBC}") = "LetsTalk.Backend", "LetsTalk.Backend\LetsTalk.Backend.csproj", "{719CF015-C2CE-463E-824A-4AA645F7A5D0}"
EndProject
Project("{2150E333-8FDC-42A3-9474-1A3956D46DE8}") = "Client", "Client", "{25DDB70E-35C9-4377-8045-26416B4D7735}"
EndProject
Project("{FAE04EC0-301F-11D3-BF4B-00C04F79EFBC}") = "LetsTalk.Client.AgentClient", "LetsTalk.Client.AgentClient\LetsTalk.Client.AgentClient.csproj", "{56B05394-3053-4685-8FA4-EB4421FE4BAB}"
	ProjectSection(ProjectDependencies) = postProject
		{ABD6B82D-5C1E-4E42-ACBC-D3475A4D926E} = {ABD6B82D-5C1E-4E42-ACBC-D3475A4D926E}
	EndProjectSection
EndProject
Project("{2150E333-8FDC-42A3-9474-1A3956D46DE8}") = "_Authentication Service", "_Authentication Service", "{67C0FDCD-176E-4147-B257-9578451678F1}"
EndProject
Project("{FAE04EC0-301F-11D3-BF4B-00C04F79EFBC}") = "LetsTalk.Authentication", "LetsTalk.Authentication\LetsTalk.Authentication.csproj", "{683C9BC5-E226-497E-9B2C-4F38DE547E79}"
EndProject
Project("{FAE04EC0-301F-11D3-BF4B-00C04F79EFBC}") = "Letstalk.Client.Entites", "Letstalk.Client.Enitites\Letstalk.Client.Entites.csproj", "{5578418C-82E6-45E4-8083-07AEC8B672D1}"
EndProject
Project("{FAE04EC0-301F-11D3-BF4B-00C04F79EFBC}") = "LetsTalk.Core.Common", "LetsTalk.Core.Common\LetsTalk.Core.Common.csproj", "{E19D81A5-BBF6-413E-A62D-A31307BBDBBC}"
EndProject
Project("{2150E333-8FDC-42A3-9474-1A3956D46DE8}") = "Tests", "Tests", "{9891BC90-DF50-4CB6-A14D-7ADDF92C1B7C}"
EndProject
Project("{2150E333-8FDC-42A3-9474-1A3956D46DE8}") = "Client", "Client", "{14C82874-70BB-4316-AF64-45F00A638C3E}"
EndProject
Project("{2150E333-8FDC-42A3-9474-1A3956D46DE8}") = "Core", "Core", "{37E2F015-D66C-4A98-9253-A89B701FD278}"
EndProject
Project("{FAE04EC0-301F-11D3-BF4B-00C04F79EFBC}") = "Core.Common.Tests", "Core.Common.Tests\Core.Common.Tests.csproj", "{3AFC86C9-E145-4019-B51D-E60F5650EF20}"
EndProject
Project("{FAE04EC0-301F-11D3-BF4B-00C04F79EFBC}") = "LetsTalk.Core.Common.Contracts", "LetsTalk.Core.Common.Contracts\LetsTalk.Core.Common.Contracts.csproj", "{2D8D79F4-8974-4830-8F87-EC6D4247C9CD}"
EndProject
Project("{FAE04EC0-301F-11D3-BF4B-00C04F79EFBC}") = "LetsTalk.Authentication.Data", "LetsTalk.Authentication.Data\LetsTalk.Authentication.Data.csproj", "{66C9D553-1DCC-478D-A066-E64FBDAD00F4}"
EndProject
Project("{FAE04EC0-301F-11D3-BF4B-00C04F79EFBC}") = "LetsTalk.Authentication.Data.Contracts", "LetsTalk.Authentication.Data.Contracts\LetsTalk.Authentication.Data.Contracts.csproj", "{092BCE8F-65BD-45F0-89C6-A07BDEAAA6D1}"
EndProject
Project("{2150E333-8FDC-42A3-9474-1A3956D46DE8}") = "Business", "Business", "{40C6F2FA-3A46-425D-8F75-84EA769ED742}"
EndProject
Project("{FAE04EC0-301F-11D3-BF4B-00C04F79EFBC}") = "LetsTalk.Business.Entities", "LetsTalk.Business.Entities\LetsTalk.Business.Entities.csproj", "{112062BF-F431-49C4-80F9-193342AFD42E}"
EndProject
Project("{2150E333-8FDC-42A3-9474-1A3956D46DE8}") = "_Authentication Service", "_Authentication Service", "{228BC43D-2355-4D6C-8701-1BF0BE3D99E7}"
EndProject
Project("{FAE04EC0-301F-11D3-BF4B-00C04F79EFBC}") = "LetsTalk.Authentication.Data.Tests", "LetsTalk.Authentication.Data.Tests\LetsTalk.Authentication.Data.Tests.csproj", "{4D077550-112D-453E-91E5-938E934B24AD}"
EndProject
Project("{FAE04EC0-301F-11D3-BF4B-00C04F79EFBC}") = "LetsTalk.Business.Bootstrapper", "LetsTalk.Business.Bootstrapper\LetsTalk.Business.Bootstrapper.csproj", "{7B39FA13-6974-4A4F-BAE4-B231D2E16DE3}"
EndProject
Project("{FAE04EC0-301F-11D3-BF4B-00C04F79EFBC}") = "LetsTalk.Business.Constants", "LetsTalk.Business.Constants\LetsTalk.Business.Constants.csproj", "{2B57957B-F5E7-4543-B436-0AEC781388FB}"
EndProject
Project("{FAE04EC0-301F-11D3-BF4B-00C04F79EFBC}") = "LetsTalk.Business.Contracts", "LetsTalk.Business.Contracts\LetsTalk.Business.Contracts.csproj", "{EB6CFB0A-A4B1-4890-90C7-0ABB21E940B0}"
EndProject
Project("{FAE04EC0-301F-11D3-BF4B-00C04F79EFBC}") = "LetsTalk.Business.Managers", "LetsTalk.Business.Managers\LetsTalk.Business.Managers.csproj", "{830FAEDC-0F94-41FA-823D-F3534DAE7C8E}"
EndProject
Project("{2150E333-8FDC-42A3-9474-1A3956D46DE8}") = "_Survey Service", "_Survey Service", "{1A179603-A322-4D97-BF2B-805DF62D0F6D}"
EndProject
Project("{FAE04EC0-301F-11D3-BF4B-00C04F79EFBC}") = "LetsTalk.Surveys", "LetsTalk.Survey\LetsTalk.Surveys.csproj", "{3A0B4722-DCE4-4273-85E0-A8D29109B22C}"
EndProject
Project("{FAE04EC0-301F-11D3-BF4B-00C04F79EFBC}") = "LetsTalk.Surveys.Data", "LetsTalk.Survey.Data\LetsTalk.Surveys.Data.csproj", "{FFEA92AD-88D0-4656-86D3-F2F587E812E2}"
EndProject
Project("{FAE04EC0-301F-11D3-BF4B-00C04F79EFBC}") = "LetsTalk.Surveys.Data.Contracts", "LetsTalk.Survey.Data.Contracts\LetsTalk.Surveys.Data.Contracts.csproj", "{9BDC4111-C7E6-4E12-9174-A114E4695A5F}"
EndProject
Project("{2150E333-8FDC-42A3-9474-1A3956D46DE8}") = "_Survey Service", "_Survey Service", "{1CD437F0-906D-49ED-A759-3043FE7BBCDC}"
EndProject
Project("{FAE04EC0-301F-11D3-BF4B-00C04F79EFBC}") = "LetsTalk.Survey.Data.Tests", "LetsTalk.Survey.Data.Tests\LetsTalk.Survey.Data.Tests.csproj", "{F1B97BC0-7154-49DD-AE02-D007EEE47709}"
EndProject
Project("{2150E333-8FDC-42A3-9474-1A3956D46DE8}") = "Business", "Business", "{15BFADFB-E22D-478F-BCE3-D8B8EBB3414B}"
EndProject
Project("{FAE04EC0-301F-11D3-BF4B-00C04F79EFBC}") = "LetsTalk.Surveys.Business.Engine.Tests", "LetsTalk.Surveys.Business.Engine\LetsTalk.Surveys.Business.Engine.Tests.csproj", "{D930D0DF-687C-4326-9016-E350FB568336}"
EndProject
Project("{FAE04EC0-301F-11D3-BF4B-00C04F79EFBC}") = "LetsTalk.Business.Managers.Tests", "LetsTalk.Business.Mannagers.Tests\LetsTalk.Business.Managers.Tests.csproj", "{E3186353-1140-4D4E-A4C9-6FA37C59EF41}"
EndProject
Project("{FAE04EC0-301F-11D3-BF4B-00C04F79EFBC}") = "LetsTalk.Client.Contracts", "LetsTalk.Client.Contracts\LetsTalk.Client.Contracts.csproj", "{969E9D32-09F0-417B-B628-30B625303743}"
EndProject
Project("{FAE04EC0-301F-11D3-BF4B-00C04F79EFBC}") = "LetsTalk.Client.Bootstrapper", "LetsTalk.Client.Bootstrapper\LetsTalk.Client.Bootstrapper.csproj", "{6F974F9E-88BF-4932-8AEF-22A7BEDFA60A}"
EndProject
Project("{FAE04EC0-301F-11D3-BF4B-00C04F79EFBC}") = "LetsTalk.Client.Proxies", "LetsTalk.Client.Proxies\LetsTalk.Client.Proxies.csproj", "{21C9342E-9EA1-42FF-9C0D-64B55460AE21}"
EndProject
Project("{FAE04EC0-301F-11D3-BF4B-00C04F79EFBC}") = "LetTalk.Test", "LetTalk.Test\LetTalk.Test.csproj", "{A73C3742-8895-4CF7-B131-386710E53593}"
EndProject
Project("{FAE04EC0-301F-11D3-BF4B-00C04F79EFBC}") = "LetsTalk.Core.Common.ServiceModel", "LetsTalk.Core.Common.ServiceModel\LetsTalk.Core.Common.ServiceModel.csproj", "{6E29A410-8B2A-4BCE-813D-3AE79A7D52D3}"
EndProject
Project("{2150E333-8FDC-42A3-9474-1A3956D46DE8}") = "Azure", "Azure", "{F2DC44CE-55B5-4100-AC36-106FC00CB95E}"
EndProject
Project("{2150E333-8FDC-42A3-9474-1A3956D46DE8}") = "Host", "Host", "{1E2D1473-3341-49E4-9248-00FF8AC63529}"
EndProject
Project("{CC5FD16D-436D-48AD-A40C-5A424C6E3E79}") = "LetsTalk.Host.Azure.WebService", "LetsTalk.Host.Azure.WebService\LetsTalk.Host.Azure.WebService.ccproj", "{546EF1B0-F607-4DA8-9B95-C1527FB711EB}"
EndProject
Project("{FAE04EC0-301F-11D3-BF4B-00C04F79EFBC}") = "LetsTalkDataService", "LetsTalkDataService\LetsTalkDataService.csproj", "{ABD6B82D-5C1E-4E42-ACBC-D3475A4D926E}"
EndProject
Project("{2150E333-8FDC-42A3-9474-1A3956D46DE8}") = "Host", "Host", "{E60F07C0-E04A-4835-8E36-BD74A766FD58}"
EndProject
Project("{2150E333-8FDC-42A3-9474-1A3956D46DE8}") = "Azure", "Azure", "{F96E7592-FB9F-46FA-82CF-05C12DC5BC20}"
EndProject
Project("{FAE04EC0-301F-11D3-BF4B-00C04F79EFBC}") = "LetsTalk.Host.Azure.AzureWebService.Tests", "LetsTalk.Host.Azure.AzureWebService.Tests\LetsTalk.Host.Azure.AzureWebService.Tests.csproj", "{FE31E8CB-4BE4-4D00-9B8B-675C920F31DC}"
EndProject
Project("{FAE04EC0-301F-11D3-BF4B-00C04F79EFBC}") = "LetsTalk.Client.Proxies.Tests", "LetsTalk.Client.Proxies.Tests\LetsTalk.Client.Proxies.Tests.csproj", "{AF425582-E3DA-4ADC-A98C-92CB5F9924F9}"
EndProject
Project("{FAE04EC0-301F-11D3-BF4B-00C04F79EFBC}") = "LetsTalk.Core.Common.Bus.Test", "LetsTalk.Core.Common.Bus.Test\LetsTalk.Core.Common.Bus.Test.csproj", "{882DDBFA-0352-4517-BE9D-7AD8BE9B695D}"
EndProject
Project("{FAE04EC0-301F-11D3-BF4B-00C04F79EFBC}") = "LetsTalk.Authentication.Tests", "LetsTalk.Authentication.Tests\LetsTalk.Authentication.Tests.csproj", "{4ED78650-7988-404C-985E-B29E20BA8CD1}"
EndProject
Project("{2150E333-8FDC-42A3-9474-1A3956D46DE8}") = "_Client Service", "_Client Service", "{66FF8DA2-75C3-470C-A1A5-A64B3DB1135C}"
EndProject
Project("{FAE04EC0-301F-11D3-BF4B-00C04F79EFBC}") = "LetsTalk.ClientService.Data", "LetsTalk.ClientService.Data\LetsTalk.ClientService.Data.csproj", "{401DF4E5-3333-443E-A61D-56CD7721A705}"
EndProject
Project("{FAE04EC0-301F-11D3-BF4B-00C04F79EFBC}") = "LetsTalk.ClientService.Contracts", "LetsTalk.ClientService.Contracts\LetsTalk.ClientService.Contracts.csproj", "{E01EA8E7-0A5D-4929-9D58-072AD59C3B1D}"
EndProject
Project("{2150E333-8FDC-42A3-9474-1A3956D46DE8}") = "_Client Service", "_Client Service", "{00EF2411-8D85-4440-91B9-35E823B16816}"
EndProject
Project("{FAE04EC0-301F-11D3-BF4B-00C04F79EFBC}") = "LetsTalk.Client.Test", "LetsTalk.Client.Test\LetsTalk.Client.Test.csproj", "{52FB1400-B083-4A74-A489-243DE1227A8F}"
EndProject
Project("{FAE04EC0-301F-11D3-BF4B-00C04F79EFBC}") = "LetsTalk.Client.Data.Test", "LetsTalk.Client.Data.Test\LetsTalk.Client.Data.Test.csproj", "{63D4DA3D-90A0-4363-810C-63720E61721D}"
EndProject
Project("{FAE04EC0-301F-11D3-BF4B-00C04F79EFBC}") = "LetsTalk.Core.Common.UI", "LetsTalk.Core.Common.UI.Core\LetsTalk.Core.Common.UI.csproj", "{156D9B41-CB9C-4E3A-8B2F-296163492F49}"
EndProject
Project("{FAE04EC0-301F-11D3-BF4B-00C04F79EFBC}") = "LetsTalk.Client.AgentClient.Tests", "LetsTalk.Client.AgentClient.Tests\LetsTalk.Client.AgentClient.Tests.csproj", "{14BEDF62-FBAE-45C2-9990-2A674F90E559}"
EndProject
Project("{2150E333-8FDC-42A3-9474-1A3956D46DE8}") = "Common", "Common", "{41F44EA3-2EB4-4600-9D09-527398DD1DAF}"
EndProject
Global
	GlobalSection(SolutionConfigurationPlatforms) = preSolution
		Debug|Any CPU = Debug|Any CPU
		Release|Any CPU = Release|Any CPU
	EndGlobalSection
	GlobalSection(ProjectConfigurationPlatforms) = postSolution
		{FCADD41C-8BE3-469E-94A9-25E3F79508B8}.Debug|Any CPU.ActiveCfg = Debug|Any CPU
		{FCADD41C-8BE3-469E-94A9-25E3F79508B8}.Debug|Any CPU.Build.0 = Debug|Any CPU
		{FCADD41C-8BE3-469E-94A9-25E3F79508B8}.Release|Any CPU.ActiveCfg = Release|Any CPU
		{FCADD41C-8BE3-469E-94A9-25E3F79508B8}.Release|Any CPU.Build.0 = Release|Any CPU
		{719CF015-C2CE-463E-824A-4AA645F7A5D0}.Debug|Any CPU.ActiveCfg = Debug|Any CPU
		{719CF015-C2CE-463E-824A-4AA645F7A5D0}.Debug|Any CPU.Build.0 = Debug|Any CPU
		{719CF015-C2CE-463E-824A-4AA645F7A5D0}.Release|Any CPU.ActiveCfg = Release|Any CPU
		{719CF015-C2CE-463E-824A-4AA645F7A5D0}.Release|Any CPU.Build.0 = Release|Any CPU
		{56B05394-3053-4685-8FA4-EB4421FE4BAB}.Debug|Any CPU.ActiveCfg = Debug|Any CPU
		{56B05394-3053-4685-8FA4-EB4421FE4BAB}.Debug|Any CPU.Build.0 = Debug|Any CPU
		{56B05394-3053-4685-8FA4-EB4421FE4BAB}.Release|Any CPU.ActiveCfg = Release|Any CPU
		{56B05394-3053-4685-8FA4-EB4421FE4BAB}.Release|Any CPU.Build.0 = Release|Any CPU
		{683C9BC5-E226-497E-9B2C-4F38DE547E79}.Debug|Any CPU.ActiveCfg = Debug|Any CPU
		{683C9BC5-E226-497E-9B2C-4F38DE547E79}.Debug|Any CPU.Build.0 = Debug|Any CPU
		{683C9BC5-E226-497E-9B2C-4F38DE547E79}.Release|Any CPU.ActiveCfg = Release|Any CPU
		{683C9BC5-E226-497E-9B2C-4F38DE547E79}.Release|Any CPU.Build.0 = Release|Any CPU
		{5578418C-82E6-45E4-8083-07AEC8B672D1}.Debug|Any CPU.ActiveCfg = Debug|Any CPU
		{5578418C-82E6-45E4-8083-07AEC8B672D1}.Debug|Any CPU.Build.0 = Debug|Any CPU
		{5578418C-82E6-45E4-8083-07AEC8B672D1}.Release|Any CPU.ActiveCfg = Release|Any CPU
		{5578418C-82E6-45E4-8083-07AEC8B672D1}.Release|Any CPU.Build.0 = Release|Any CPU
		{E19D81A5-BBF6-413E-A62D-A31307BBDBBC}.Debug|Any CPU.ActiveCfg = Debug|Any CPU
		{E19D81A5-BBF6-413E-A62D-A31307BBDBBC}.Debug|Any CPU.Build.0 = Debug|Any CPU
		{E19D81A5-BBF6-413E-A62D-A31307BBDBBC}.Release|Any CPU.ActiveCfg = Release|Any CPU
		{E19D81A5-BBF6-413E-A62D-A31307BBDBBC}.Release|Any CPU.Build.0 = Release|Any CPU
		{3AFC86C9-E145-4019-B51D-E60F5650EF20}.Debug|Any CPU.ActiveCfg = Debug|Any CPU
		{3AFC86C9-E145-4019-B51D-E60F5650EF20}.Debug|Any CPU.Build.0 = Debug|Any CPU
		{3AFC86C9-E145-4019-B51D-E60F5650EF20}.Release|Any CPU.ActiveCfg = Release|Any CPU
		{3AFC86C9-E145-4019-B51D-E60F5650EF20}.Release|Any CPU.Build.0 = Release|Any CPU
		{2D8D79F4-8974-4830-8F87-EC6D4247C9CD}.Debug|Any CPU.ActiveCfg = Debug|Any CPU
		{2D8D79F4-8974-4830-8F87-EC6D4247C9CD}.Debug|Any CPU.Build.0 = Debug|Any CPU
		{2D8D79F4-8974-4830-8F87-EC6D4247C9CD}.Release|Any CPU.ActiveCfg = Release|Any CPU
		{2D8D79F4-8974-4830-8F87-EC6D4247C9CD}.Release|Any CPU.Build.0 = Release|Any CPU
		{66C9D553-1DCC-478D-A066-E64FBDAD00F4}.Debug|Any CPU.ActiveCfg = Debug|Any CPU
		{66C9D553-1DCC-478D-A066-E64FBDAD00F4}.Debug|Any CPU.Build.0 = Debug|Any CPU
		{66C9D553-1DCC-478D-A066-E64FBDAD00F4}.Release|Any CPU.ActiveCfg = Release|Any CPU
		{66C9D553-1DCC-478D-A066-E64FBDAD00F4}.Release|Any CPU.Build.0 = Release|Any CPU
		{092BCE8F-65BD-45F0-89C6-A07BDEAAA6D1}.Debug|Any CPU.ActiveCfg = Debug|Any CPU
		{092BCE8F-65BD-45F0-89C6-A07BDEAAA6D1}.Debug|Any CPU.Build.0 = Debug|Any CPU
		{092BCE8F-65BD-45F0-89C6-A07BDEAAA6D1}.Release|Any CPU.ActiveCfg = Release|Any CPU
		{092BCE8F-65BD-45F0-89C6-A07BDEAAA6D1}.Release|Any CPU.Build.0 = Release|Any CPU
		{112062BF-F431-49C4-80F9-193342AFD42E}.Debug|Any CPU.ActiveCfg = Debug|Any CPU
		{112062BF-F431-49C4-80F9-193342AFD42E}.Debug|Any CPU.Build.0 = Debug|Any CPU
		{112062BF-F431-49C4-80F9-193342AFD42E}.Release|Any CPU.ActiveCfg = Release|Any CPU
		{112062BF-F431-49C4-80F9-193342AFD42E}.Release|Any CPU.Build.0 = Release|Any CPU
		{4D077550-112D-453E-91E5-938E934B24AD}.Debug|Any CPU.ActiveCfg = Debug|Any CPU
		{4D077550-112D-453E-91E5-938E934B24AD}.Debug|Any CPU.Build.0 = Debug|Any CPU
		{4D077550-112D-453E-91E5-938E934B24AD}.Release|Any CPU.ActiveCfg = Release|Any CPU
		{4D077550-112D-453E-91E5-938E934B24AD}.Release|Any CPU.Build.0 = Release|Any CPU
		{7B39FA13-6974-4A4F-BAE4-B231D2E16DE3}.Debug|Any CPU.ActiveCfg = Debug|Any CPU
		{7B39FA13-6974-4A4F-BAE4-B231D2E16DE3}.Debug|Any CPU.Build.0 = Debug|Any CPU
		{7B39FA13-6974-4A4F-BAE4-B231D2E16DE3}.Release|Any CPU.ActiveCfg = Release|Any CPU
		{7B39FA13-6974-4A4F-BAE4-B231D2E16DE3}.Release|Any CPU.Build.0 = Release|Any CPU
		{2B57957B-F5E7-4543-B436-0AEC781388FB}.Debug|Any CPU.ActiveCfg = Debug|Any CPU
		{2B57957B-F5E7-4543-B436-0AEC781388FB}.Debug|Any CPU.Build.0 = Debug|Any CPU
		{2B57957B-F5E7-4543-B436-0AEC781388FB}.Release|Any CPU.ActiveCfg = Release|Any CPU
		{2B57957B-F5E7-4543-B436-0AEC781388FB}.Release|Any CPU.Build.0 = Release|Any CPU
		{EB6CFB0A-A4B1-4890-90C7-0ABB21E940B0}.Debug|Any CPU.ActiveCfg = Debug|Any CPU
		{EB6CFB0A-A4B1-4890-90C7-0ABB21E940B0}.Debug|Any CPU.Build.0 = Debug|Any CPU
		{EB6CFB0A-A4B1-4890-90C7-0ABB21E940B0}.Release|Any CPU.ActiveCfg = Release|Any CPU
		{EB6CFB0A-A4B1-4890-90C7-0ABB21E940B0}.Release|Any CPU.Build.0 = Release|Any CPU
		{830FAEDC-0F94-41FA-823D-F3534DAE7C8E}.Debug|Any CPU.ActiveCfg = Debug|Any CPU
		{830FAEDC-0F94-41FA-823D-F3534DAE7C8E}.Debug|Any CPU.Build.0 = Debug|Any CPU
		{830FAEDC-0F94-41FA-823D-F3534DAE7C8E}.Release|Any CPU.ActiveCfg = Release|Any CPU
		{830FAEDC-0F94-41FA-823D-F3534DAE7C8E}.Release|Any CPU.Build.0 = Release|Any CPU
		{3A0B4722-DCE4-4273-85E0-A8D29109B22C}.Debug|Any CPU.ActiveCfg = Debug|Any CPU
		{3A0B4722-DCE4-4273-85E0-A8D29109B22C}.Debug|Any CPU.Build.0 = Debug|Any CPU
		{3A0B4722-DCE4-4273-85E0-A8D29109B22C}.Release|Any CPU.ActiveCfg = Release|Any CPU
		{3A0B4722-DCE4-4273-85E0-A8D29109B22C}.Release|Any CPU.Build.0 = Release|Any CPU
		{FFEA92AD-88D0-4656-86D3-F2F587E812E2}.Debug|Any CPU.ActiveCfg = Debug|Any CPU
		{FFEA92AD-88D0-4656-86D3-F2F587E812E2}.Debug|Any CPU.Build.0 = Debug|Any CPU
		{FFEA92AD-88D0-4656-86D3-F2F587E812E2}.Release|Any CPU.ActiveCfg = Release|Any CPU
		{FFEA92AD-88D0-4656-86D3-F2F587E812E2}.Release|Any CPU.Build.0 = Release|Any CPU
		{9BDC4111-C7E6-4E12-9174-A114E4695A5F}.Debug|Any CPU.ActiveCfg = Debug|Any CPU
		{9BDC4111-C7E6-4E12-9174-A114E4695A5F}.Debug|Any CPU.Build.0 = Debug|Any CPU
		{9BDC4111-C7E6-4E12-9174-A114E4695A5F}.Release|Any CPU.ActiveCfg = Release|Any CPU
		{9BDC4111-C7E6-4E12-9174-A114E4695A5F}.Release|Any CPU.Build.0 = Release|Any CPU
		{F1B97BC0-7154-49DD-AE02-D007EEE47709}.Debug|Any CPU.ActiveCfg = Debug|Any CPU
		{F1B97BC0-7154-49DD-AE02-D007EEE47709}.Debug|Any CPU.Build.0 = Debug|Any CPU
		{F1B97BC0-7154-49DD-AE02-D007EEE47709}.Release|Any CPU.ActiveCfg = Release|Any CPU
		{F1B97BC0-7154-49DD-AE02-D007EEE47709}.Release|Any CPU.Build.0 = Release|Any CPU
		{D930D0DF-687C-4326-9016-E350FB568336}.Debug|Any CPU.ActiveCfg = Debug|Any CPU
		{D930D0DF-687C-4326-9016-E350FB568336}.Debug|Any CPU.Build.0 = Debug|Any CPU
		{D930D0DF-687C-4326-9016-E350FB568336}.Release|Any CPU.ActiveCfg = Release|Any CPU
		{D930D0DF-687C-4326-9016-E350FB568336}.Release|Any CPU.Build.0 = Release|Any CPU
		{E3186353-1140-4D4E-A4C9-6FA37C59EF41}.Debug|Any CPU.ActiveCfg = Debug|Any CPU
		{E3186353-1140-4D4E-A4C9-6FA37C59EF41}.Debug|Any CPU.Build.0 = Debug|Any CPU
		{E3186353-1140-4D4E-A4C9-6FA37C59EF41}.Release|Any CPU.ActiveCfg = Release|Any CPU
		{E3186353-1140-4D4E-A4C9-6FA37C59EF41}.Release|Any CPU.Build.0 = Release|Any CPU
		{969E9D32-09F0-417B-B628-30B625303743}.Debug|Any CPU.ActiveCfg = Debug|Any CPU
		{969E9D32-09F0-417B-B628-30B625303743}.Debug|Any CPU.Build.0 = Debug|Any CPU
		{969E9D32-09F0-417B-B628-30B625303743}.Release|Any CPU.ActiveCfg = Release|Any CPU
		{969E9D32-09F0-417B-B628-30B625303743}.Release|Any CPU.Build.0 = Release|Any CPU
		{6F974F9E-88BF-4932-8AEF-22A7BEDFA60A}.Debug|Any CPU.ActiveCfg = Debug|Any CPU
		{6F974F9E-88BF-4932-8AEF-22A7BEDFA60A}.Debug|Any CPU.Build.0 = Debug|Any CPU
		{6F974F9E-88BF-4932-8AEF-22A7BEDFA60A}.Release|Any CPU.ActiveCfg = Release|Any CPU
		{6F974F9E-88BF-4932-8AEF-22A7BEDFA60A}.Release|Any CPU.Build.0 = Release|Any CPU
		{21C9342E-9EA1-42FF-9C0D-64B55460AE21}.Debug|Any CPU.ActiveCfg = Debug|Any CPU
		{21C9342E-9EA1-42FF-9C0D-64B55460AE21}.Debug|Any CPU.Build.0 = Debug|Any CPU
		{21C9342E-9EA1-42FF-9C0D-64B55460AE21}.Release|Any CPU.ActiveCfg = Release|Any CPU
		{21C9342E-9EA1-42FF-9C0D-64B55460AE21}.Release|Any CPU.Build.0 = Release|Any CPU
		{A73C3742-8895-4CF7-B131-386710E53593}.Debug|Any CPU.ActiveCfg = Debug|Any CPU
		{A73C3742-8895-4CF7-B131-386710E53593}.Debug|Any CPU.Build.0 = Debug|Any CPU
		{A73C3742-8895-4CF7-B131-386710E53593}.Release|Any CPU.ActiveCfg = Release|Any CPU
		{A73C3742-8895-4CF7-B131-386710E53593}.Release|Any CPU.Build.0 = Release|Any CPU
		{6E29A410-8B2A-4BCE-813D-3AE79A7D52D3}.Debug|Any CPU.ActiveCfg = Debug|Any CPU
		{6E29A410-8B2A-4BCE-813D-3AE79A7D52D3}.Debug|Any CPU.Build.0 = Debug|Any CPU
		{6E29A410-8B2A-4BCE-813D-3AE79A7D52D3}.Release|Any CPU.ActiveCfg = Release|Any CPU
		{6E29A410-8B2A-4BCE-813D-3AE79A7D52D3}.Release|Any CPU.Build.0 = Release|Any CPU
		{546EF1B0-F607-4DA8-9B95-C1527FB711EB}.Debug|Any CPU.ActiveCfg = Debug|Any CPU
		{546EF1B0-F607-4DA8-9B95-C1527FB711EB}.Debug|Any CPU.Build.0 = Debug|Any CPU
		{546EF1B0-F607-4DA8-9B95-C1527FB711EB}.Release|Any CPU.ActiveCfg = Release|Any CPU
		{546EF1B0-F607-4DA8-9B95-C1527FB711EB}.Release|Any CPU.Build.0 = Release|Any CPU
		{ABD6B82D-5C1E-4E42-ACBC-D3475A4D926E}.Debug|Any CPU.ActiveCfg = Debug|Any CPU
		{ABD6B82D-5C1E-4E42-ACBC-D3475A4D926E}.Debug|Any CPU.Build.0 = Debug|Any CPU
		{ABD6B82D-5C1E-4E42-ACBC-D3475A4D926E}.Release|Any CPU.ActiveCfg = Release|Any CPU
		{ABD6B82D-5C1E-4E42-ACBC-D3475A4D926E}.Release|Any CPU.Build.0 = Release|Any CPU
		{FE31E8CB-4BE4-4D00-9B8B-675C920F31DC}.Debug|Any CPU.ActiveCfg = Debug|Any CPU
		{FE31E8CB-4BE4-4D00-9B8B-675C920F31DC}.Debug|Any CPU.Build.0 = Debug|Any CPU
		{FE31E8CB-4BE4-4D00-9B8B-675C920F31DC}.Release|Any CPU.ActiveCfg = Release|Any CPU
		{FE31E8CB-4BE4-4D00-9B8B-675C920F31DC}.Release|Any CPU.Build.0 = Release|Any CPU
		{AF425582-E3DA-4ADC-A98C-92CB5F9924F9}.Debug|Any CPU.ActiveCfg = Debug|Any CPU
		{AF425582-E3DA-4ADC-A98C-92CB5F9924F9}.Debug|Any CPU.Build.0 = Debug|Any CPU
		{AF425582-E3DA-4ADC-A98C-92CB5F9924F9}.Release|Any CPU.ActiveCfg = Release|Any CPU
		{AF425582-E3DA-4ADC-A98C-92CB5F9924F9}.Release|Any CPU.Build.0 = Release|Any CPU
		{882DDBFA-0352-4517-BE9D-7AD8BE9B695D}.Debug|Any CPU.ActiveCfg = Debug|Any CPU
		{882DDBFA-0352-4517-BE9D-7AD8BE9B695D}.Debug|Any CPU.Build.0 = Debug|Any CPU
		{882DDBFA-0352-4517-BE9D-7AD8BE9B695D}.Release|Any CPU.ActiveCfg = Release|Any CPU
		{882DDBFA-0352-4517-BE9D-7AD8BE9B695D}.Release|Any CPU.Build.0 = Release|Any CPU
		{4ED78650-7988-404C-985E-B29E20BA8CD1}.Debug|Any CPU.ActiveCfg = Debug|Any CPU
		{4ED78650-7988-404C-985E-B29E20BA8CD1}.Debug|Any CPU.Build.0 = Debug|Any CPU
		{4ED78650-7988-404C-985E-B29E20BA8CD1}.Release|Any CPU.ActiveCfg = Release|Any CPU
		{4ED78650-7988-404C-985E-B29E20BA8CD1}.Release|Any CPU.Build.0 = Release|Any CPU
		{401DF4E5-3333-443E-A61D-56CD7721A705}.Debug|Any CPU.ActiveCfg = Debug|Any CPU
		{401DF4E5-3333-443E-A61D-56CD7721A705}.Debug|Any CPU.Build.0 = Debug|Any CPU
		{401DF4E5-3333-443E-A61D-56CD7721A705}.Release|Any CPU.ActiveCfg = Release|Any CPU
		{401DF4E5-3333-443E-A61D-56CD7721A705}.Release|Any CPU.Build.0 = Release|Any CPU
		{E01EA8E7-0A5D-4929-9D58-072AD59C3B1D}.Debug|Any CPU.ActiveCfg = Debug|Any CPU
		{E01EA8E7-0A5D-4929-9D58-072AD59C3B1D}.Debug|Any CPU.Build.0 = Debug|Any CPU
		{E01EA8E7-0A5D-4929-9D58-072AD59C3B1D}.Release|Any CPU.ActiveCfg = Release|Any CPU
		{E01EA8E7-0A5D-4929-9D58-072AD59C3B1D}.Release|Any CPU.Build.0 = Release|Any CPU
		{52FB1400-B083-4A74-A489-243DE1227A8F}.Debug|Any CPU.ActiveCfg = Debug|Any CPU
		{52FB1400-B083-4A74-A489-243DE1227A8F}.Debug|Any CPU.Build.0 = Debug|Any CPU
		{52FB1400-B083-4A74-A489-243DE1227A8F}.Release|Any CPU.ActiveCfg = Release|Any CPU
		{52FB1400-B083-4A74-A489-243DE1227A8F}.Release|Any CPU.Build.0 = Release|Any CPU
		{63D4DA3D-90A0-4363-810C-63720E61721D}.Debug|Any CPU.ActiveCfg = Debug|Any CPU
		{63D4DA3D-90A0-4363-810C-63720E61721D}.Debug|Any CPU.Build.0 = Debug|Any CPU
		{63D4DA3D-90A0-4363-810C-63720E61721D}.Release|Any CPU.ActiveCfg = Release|Any CPU
		{63D4DA3D-90A0-4363-810C-63720E61721D}.Release|Any CPU.Build.0 = Release|Any CPU
		{156D9B41-CB9C-4E3A-8B2F-296163492F49}.Debug|Any CPU.ActiveCfg = Debug|Any CPU
		{156D9B41-CB9C-4E3A-8B2F-296163492F49}.Debug|Any CPU.Build.0 = Debug|Any CPU
		{156D9B41-CB9C-4E3A-8B2F-296163492F49}.Release|Any CPU.ActiveCfg = Release|Any CPU
		{156D9B41-CB9C-4E3A-8B2F-296163492F49}.Release|Any CPU.Build.0 = Release|Any CPU
		{14BEDF62-FBAE-45C2-9990-2A674F90E559}.Debug|Any CPU.ActiveCfg = Debug|Any CPU
		{14BEDF62-FBAE-45C2-9990-2A674F90E559}.Debug|Any CPU.Build.0 = Debug|Any CPU
		{14BEDF62-FBAE-45C2-9990-2A674F90E559}.Release|Any CPU.ActiveCfg = Release|Any CPU
		{14BEDF62-FBAE-45C2-9990-2A674F90E559}.Release|Any CPU.Build.0 = Release|Any CPU
	EndGlobalSection
	GlobalSection(SolutionProperties) = preSolution
		HideSolutionNode = FALSE
	EndGlobalSection
	GlobalSection(NestedProjects) = preSolution
		{FCADD41C-8BE3-469E-94A9-25E3F79508B8} = {9D34DFC6-3A83-4CF8-9665-A0D0BFBD2703}
		{719CF015-C2CE-463E-824A-4AA645F7A5D0} = {195F1FC2-E82B-49CB-99A2-556B8777DB5F}
		{56B05394-3053-4685-8FA4-EB4421FE4BAB} = {25DDB70E-35C9-4377-8045-26416B4D7735}
		{683C9BC5-E226-497E-9B2C-4F38DE547E79} = {67C0FDCD-176E-4147-B257-9578451678F1}
		{5578418C-82E6-45E4-8083-07AEC8B672D1} = {25DDB70E-35C9-4377-8045-26416B4D7735}
		{E19D81A5-BBF6-413E-A62D-A31307BBDBBC} = {9D34DFC6-3A83-4CF8-9665-A0D0BFBD2703}
		{14C82874-70BB-4316-AF64-45F00A638C3E} = {9891BC90-DF50-4CB6-A14D-7ADDF92C1B7C}
		{37E2F015-D66C-4A98-9253-A89B701FD278} = {9891BC90-DF50-4CB6-A14D-7ADDF92C1B7C}
		{3AFC86C9-E145-4019-B51D-E60F5650EF20} = {37E2F015-D66C-4A98-9253-A89B701FD278}
		{2D8D79F4-8974-4830-8F87-EC6D4247C9CD} = {9D34DFC6-3A83-4CF8-9665-A0D0BFBD2703}
		{66C9D553-1DCC-478D-A066-E64FBDAD00F4} = {67C0FDCD-176E-4147-B257-9578451678F1}
		{092BCE8F-65BD-45F0-89C6-A07BDEAAA6D1} = {67C0FDCD-176E-4147-B257-9578451678F1}
		{112062BF-F431-49C4-80F9-193342AFD42E} = {40C6F2FA-3A46-425D-8F75-84EA769ED742}
		{228BC43D-2355-4D6C-8701-1BF0BE3D99E7} = {9891BC90-DF50-4CB6-A14D-7ADDF92C1B7C}
		{4D077550-112D-453E-91E5-938E934B24AD} = {228BC43D-2355-4D6C-8701-1BF0BE3D99E7}
		{7B39FA13-6974-4A4F-BAE4-B231D2E16DE3} = {40C6F2FA-3A46-425D-8F75-84EA769ED742}
		{2B57957B-F5E7-4543-B436-0AEC781388FB} = {40C6F2FA-3A46-425D-8F75-84EA769ED742}
		{EB6CFB0A-A4B1-4890-90C7-0ABB21E940B0} = {40C6F2FA-3A46-425D-8F75-84EA769ED742}
		{830FAEDC-0F94-41FA-823D-F3534DAE7C8E} = {40C6F2FA-3A46-425D-8F75-84EA769ED742}
		{3A0B4722-DCE4-4273-85E0-A8D29109B22C} = {1A179603-A322-4D97-BF2B-805DF62D0F6D}
		{FFEA92AD-88D0-4656-86D3-F2F587E812E2} = {1A179603-A322-4D97-BF2B-805DF62D0F6D}
		{9BDC4111-C7E6-4E12-9174-A114E4695A5F} = {1A179603-A322-4D97-BF2B-805DF62D0F6D}
		{1CD437F0-906D-49ED-A759-3043FE7BBCDC} = {9891BC90-DF50-4CB6-A14D-7ADDF92C1B7C}
		{F1B97BC0-7154-49DD-AE02-D007EEE47709} = {1CD437F0-906D-49ED-A759-3043FE7BBCDC}
		{15BFADFB-E22D-478F-BCE3-D8B8EBB3414B} = {9891BC90-DF50-4CB6-A14D-7ADDF92C1B7C}
		{D930D0DF-687C-4326-9016-E350FB568336} = {1CD437F0-906D-49ED-A759-3043FE7BBCDC}
		{E3186353-1140-4D4E-A4C9-6FA37C59EF41} = {15BFADFB-E22D-478F-BCE3-D8B8EBB3414B}
		{969E9D32-09F0-417B-B628-30B625303743} = {25DDB70E-35C9-4377-8045-26416B4D7735}
		{6F974F9E-88BF-4932-8AEF-22A7BEDFA60A} = {25DDB70E-35C9-4377-8045-26416B4D7735}
		{21C9342E-9EA1-42FF-9C0D-64B55460AE21} = {25DDB70E-35C9-4377-8045-26416B4D7735}
		{A73C3742-8895-4CF7-B131-386710E53593} = {9891BC90-DF50-4CB6-A14D-7ADDF92C1B7C}
		{6E29A410-8B2A-4BCE-813D-3AE79A7D52D3} = {9D34DFC6-3A83-4CF8-9665-A0D0BFBD2703}
		{F2DC44CE-55B5-4100-AC36-106FC00CB95E} = {1E2D1473-3341-49E4-9248-00FF8AC63529}
		{546EF1B0-F607-4DA8-9B95-C1527FB711EB} = {F2DC44CE-55B5-4100-AC36-106FC00CB95E}
		{ABD6B82D-5C1E-4E42-ACBC-D3475A4D926E} = {F2DC44CE-55B5-4100-AC36-106FC00CB95E}
		{E60F07C0-E04A-4835-8E36-BD74A766FD58} = {9891BC90-DF50-4CB6-A14D-7ADDF92C1B7C}
		{F96E7592-FB9F-46FA-82CF-05C12DC5BC20} = {E60F07C0-E04A-4835-8E36-BD74A766FD58}
		{FE31E8CB-4BE4-4D00-9B8B-675C920F31DC} = {F96E7592-FB9F-46FA-82CF-05C12DC5BC20}
		{AF425582-E3DA-4ADC-A98C-92CB5F9924F9} = {14C82874-70BB-4316-AF64-45F00A638C3E}
		{882DDBFA-0352-4517-BE9D-7AD8BE9B695D} = {37E2F015-D66C-4A98-9253-A89B701FD278}
		{4ED78650-7988-404C-985E-B29E20BA8CD1} = {228BC43D-2355-4D6C-8701-1BF0BE3D99E7}
		{401DF4E5-3333-443E-A61D-56CD7721A705} = {66FF8DA2-75C3-470C-A1A5-A64B3DB1135C}
		{E01EA8E7-0A5D-4929-9D58-072AD59C3B1D} = {66FF8DA2-75C3-470C-A1A5-A64B3DB1135C}
		{00EF2411-8D85-4440-91B9-35E823B16816} = {9891BC90-DF50-4CB6-A14D-7ADDF92C1B7C}
		{52FB1400-B083-4A74-A489-243DE1227A8F} = {00EF2411-8D85-4440-91B9-35E823B16816}
		{63D4DA3D-90A0-4363-810C-63720E61721D} = {00EF2411-8D85-4440-91B9-35E823B16816}
		{156D9B41-CB9C-4E3A-8B2F-296163492F49} = {9D34DFC6-3A83-4CF8-9665-A0D0BFBD2703}
		{14BEDF62-FBAE-45C2-9990-2A674F90E559} = {14C82874-70BB-4316-AF64-45F00A638C3E}
	EndGlobalSection
EndGlobal
