
Microsoft Visual Studio Solution File, Format Version 12.00
# Visual Studio Version 16
VisualStudioVersion = 16.0.28803.202
MinimumVisualStudioVersion = 10.0.40219.1
Project("{2150E333-8FDC-42A3-9474-1A3956D46DE8}") = "Core", "Core", "{9D34DFC6-3A83-4CF8-9665-A0D0BFBD2703}"
EndProject
Project("{FAE04EC0-301F-11D3-BF4B-00C04F79EFBC}") = "LetsTalk.Core.Kernel", "LetsTalk.Core.Kernel\LetsTalk.Core.Kernel.csproj", "{FCADD41C-8BE3-469E-94A9-25E3F79508B8}"
EndProject
Project("{2150E333-8FDC-42A3-9474-1A3956D46DE8}") = "_Backend Service", "_Backend Service", "{195F1FC2-E82B-49CB-99A2-556B8777DB5F}"
EndProject
Project("{FAE04EC0-301F-11D3-BF4B-00C04F79EFBC}") = "LetsTalk.Backend", "LetsTalk.Backend\LetsTalk.Backend.csproj", "{719CF015-C2CE-463E-824A-4AA645F7A5D0}"
EndProject
Project("{2150E333-8FDC-42A3-9474-1A3956D46DE8}") = "Client", "Client", "{25DDB70E-35C9-4377-8045-26416B4D7735}"
EndProject
Project("{FAE04EC0-301F-11D3-BF4B-00C04F79EFBC}") = "LetsTalk.Client.AgentClient", "LetsTalk.Client.AgentClient\LetsTalk.Client.AgentClient.csproj", "{56B05394-3053-4685-8FA4-EB4421FE4BAB}"
	ProjectSection(ProjectDependencies) = postProject
		{ABD6B82D-5C1E-4E42-ACBC-D3475A4D926E} = {ABD6B82D-5C1E-4E42-ACBC-D3475A4D926E}
	EndProjectSection
EndProject
Project("{2150E333-8FDC-42A3-9474-1A3956D46DE8}") = "_Authentication Service", "_Authentication Service", "{67C0FDCD-176E-4147-B257-9578451678F1}"
EndProject
Project("{FAE04EC0-301F-11D3-BF4B-00C04F79EFBC}") = "LetsTalk.Authentication", "LetsTalk.Authentication\LetsTalk.Authentication.csproj", "{683C9BC5-E226-497E-9B2C-4F38DE547E79}"
EndProject
Project("{FAE04EC0-301F-11D3-BF4B-00C04F79EFBC}") = "LetsTalk.Client.Entites", "Letstalk.Client.Enitites\LetsTalk.Client.Entites.csproj", "{5578418C-82E6-45E4-8083-07AEC8B672D1}"
EndProject
Project("{FAE04EC0-301F-11D3-BF4B-00C04F79EFBC}") = "LetsTalk.Core.Common", "LetsTalk.Core.Common\LetsTalk.Core.Common.csproj", "{E19D81A5-BBF6-413E-A62D-A31307BBDBBC}"
EndProject
Project("{2150E333-8FDC-42A3-9474-1A3956D46DE8}") = "Tests", "Tests", "{9891BC90-DF50-4CB6-A14D-7ADDF92C1B7C}"
EndProject
Project("{2150E333-8FDC-42A3-9474-1A3956D46DE8}") = "Client", "Client", "{14C82874-70BB-4316-AF64-45F00A638C3E}"
EndProject
Project("{2150E333-8FDC-42A3-9474-1A3956D46DE8}") = "Core", "Core", "{37E2F015-D66C-4A98-9253-A89B701FD278}"
EndProject
Project("{FAE04EC0-301F-11D3-BF4B-00C04F79EFBC}") = "Core.Common.Tests", "Core.Common.Tests\Core.Common.Tests.csproj", "{3AFC86C9-E145-4019-B51D-E60F5650EF20}"
EndProject
Project("{FAE04EC0-301F-11D3-BF4B-00C04F79EFBC}") = "LetsTalk.Core.Common.Contracts", "LetsTalk.Core.Common.Contracts\LetsTalk.Core.Common.Contracts.csproj", "{2D8D79F4-8974-4830-8F87-EC6D4247C9CD}"
EndProject
Project("{FAE04EC0-301F-11D3-BF4B-00C04F79EFBC}") = "LetsTalk.Authentication.Data", "LetsTalk.Authentication.Data\LetsTalk.Authentication.Data.csproj", "{66C9D553-1DCC-478D-A066-E64FBDAD00F4}"
EndProject
Project("{FAE04EC0-301F-11D3-BF4B-00C04F79EFBC}") = "LetsTalk.Authentication.Data.Contracts", "LetsTalk.Authentication.Data.Contracts\LetsTalk.Authentication.Data.Contracts.csproj", "{092BCE8F-65BD-45F0-89C6-A07BDEAAA6D1}"
EndProject
Project("{2150E333-8FDC-42A3-9474-1A3956D46DE8}") = "Business", "Business", "{40C6F2FA-3A46-425D-8F75-84EA769ED742}"
EndProject
Project("{FAE04EC0-301F-11D3-BF4B-00C04F79EFBC}") = "LetsTalk.Business.Entities", "LetsTalk.Business.Entities\LetsTalk.Business.Entities.csproj", "{112062BF-F431-49C4-80F9-193342AFD42E}"
EndProject
Project("{2150E333-8FDC-42A3-9474-1A3956D46DE8}") = "_Authentication Service", "_Authentication Service", "{228BC43D-2355-4D6C-8701-1BF0BE3D99E7}"
EndProject
Project("{FAE04EC0-301F-11D3-BF4B-00C04F79EFBC}") = "LetsTalk.Authentication.Data.Tests", "LetsTalk.Authentication.Data.Tests\LetsTalk.Authentication.Data.Tests.csproj", "{4D077550-112D-453E-91E5-938E934B24AD}"
EndProject
Project("{FAE04EC0-301F-11D3-BF4B-00C04F79EFBC}") = "LetsTalk.Business.Bootstrapper", "LetsTalk.Business.Bootstrapper\LetsTalk.Business.Bootstrapper.csproj", "{7B39FA13-6974-4A4F-BAE4-B231D2E16DE3}"
EndProject
Project("{FAE04EC0-301F-11D3-BF4B-00C04F79EFBC}") = "LetsTalk.Business.Constants", "LetsTalk.Business.Constants\LetsTalk.Business.Constants.csproj", "{2B57957B-F5E7-4543-B436-0AEC781388FB}"
EndProject
Project("{FAE04EC0-301F-11D3-BF4B-00C04F79EFBC}") = "LetsTalk.Business.Contracts", "LetsTalk.Business.Contracts\LetsTalk.Business.Contracts.csproj", "{EB6CFB0A-A4B1-4890-90C7-0ABB21E940B0}"
EndProject
Project("{FAE04EC0-301F-11D3-BF4B-00C04F79EFBC}") = "LetsTalk.Business.Managers", "LetsTalk.Business.Managers\LetsTalk.Business.Managers.csproj", "{830FAEDC-0F94-41FA-823D-F3534DAE7C8E}"
EndProject
Project("{2150E333-8FDC-42A3-9474-1A3956D46DE8}") = "Survey Service", "Survey Service", "{1A179603-A322-4D97-BF2B-805DF62D0F6D}"
EndProject
Project("{FAE04EC0-301F-11D3-BF4B-00C04F79EFBC}") = "LetsTalk.Services.SurveyService", "LetsTalk.Survey\LetsTalk.Services.SurveyService.csproj", "{3A0B4722-DCE4-4273-85E0-A8D29109B22C}"
	ProjectSection(ProjectDependencies) = postProject
		{5578418C-82E6-45E4-8083-07AEC8B672D1} = {5578418C-82E6-45E4-8083-07AEC8B672D1}
	EndProjectSection
EndProject
Project("{FAE04EC0-301F-11D3-BF4B-00C04F79EFBC}") = "LetsTalk.Services.SurveyService.Data", "LetsTalk.Survey.Data\LetsTalk.Services.SurveyService.Data.csproj", "{FFEA92AD-88D0-4656-86D3-F2F587E812E2}"
EndProject
Project("{FAE04EC0-301F-11D3-BF4B-00C04F79EFBC}") = "LetsTalk.Services.SurveyService.Contracts", "LetsTalk.Survey.Data.Contracts\LetsTalk.Services.SurveyService.Contracts.csproj", "{9BDC4111-C7E6-4E12-9174-A114E4695A5F}"
EndProject
Project("{FAE04EC0-301F-11D3-BF4B-00C04F79EFBC}") = "LetsTalk.Survey.Data.Tests", "LetsTalk.Survey.Data.Tests\LetsTalk.Survey.Data.Tests.csproj", "{F1B97BC0-7154-49DD-AE02-D007EEE47709}"
EndProject
Project("{2150E333-8FDC-42A3-9474-1A3956D46DE8}") = "Business", "Business", "{15BFADFB-E22D-478F-BCE3-D8B8EBB3414B}"
EndProject
Project("{FAE04EC0-301F-11D3-BF4B-00C04F79EFBC}") = "LetsTalk.Surveys.Business.Engine.Tests", "LetsTalk.Surveys.Business.Engine\LetsTalk.Surveys.Business.Engine.Tests.csproj", "{D930D0DF-687C-4326-9016-E350FB568336}"
EndProject
Project("{FAE04EC0-301F-11D3-BF4B-00C04F79EFBC}") = "LetsTalk.Business.Managers.Tests", "LetsTalk.Business.Mannagers.Tests\LetsTalk.Business.Managers.Tests.csproj", "{E3186353-1140-4D4E-A4C9-6FA37C59EF41}"
EndProject
Project("{FAE04EC0-301F-11D3-BF4B-00C04F79EFBC}") = "LetsTalk.Client.Contracts", "LetsTalk.Client.Contracts\LetsTalk.Client.Contracts.csproj", "{969E9D32-09F0-417B-B628-30B625303743}"
EndProject
Project("{FAE04EC0-301F-11D3-BF4B-00C04F79EFBC}") = "LetsTalk.Client.Bootstrapper", "LetsTalk.Client.Bootstrapper\LetsTalk.Client.Bootstrapper.csproj", "{6F974F9E-88BF-4932-8AEF-22A7BEDFA60A}"
EndProject
Project("{FAE04EC0-301F-11D3-BF4B-00C04F79EFBC}") = "LetsTalk.Client.Proxies", "LetsTalk.Client.Proxies\LetsTalk.Client.Proxies.csproj", "{21C9342E-9EA1-42FF-9C0D-64B55460AE21}"
EndProject
Project("{FAE04EC0-301F-11D3-BF4B-00C04F79EFBC}") = "LetTalk.Test", "LetTalk.Test\LetTalk.Test.csproj", "{A73C3742-8895-4CF7-B131-386710E53593}"
EndProject
Project("{FAE04EC0-301F-11D3-BF4B-00C04F79EFBC}") = "LetsTalk.Core.Common.ServiceModel", "LetsTalk.Core.Common.ServiceModel\LetsTalk.Core.Common.ServiceModel.csproj", "{6E29A410-8B2A-4BCE-813D-3AE79A7D52D3}"
EndProject
Project("{2150E333-8FDC-42A3-9474-1A3956D46DE8}") = "Azure", "Azure", "{F2DC44CE-55B5-4100-AC36-106FC00CB95E}"
EndProject
Project("{2150E333-8FDC-42A3-9474-1A3956D46DE8}") = "Host", "Host", "{1E2D1473-3341-49E4-9248-00FF8AC63529}"
EndProject
Project("{FAE04EC0-301F-11D3-BF4B-00C04F79EFBC}") = "LetsTalkDataService", "LetsTalkDataService\LetsTalkDataService.csproj", "{ABD6B82D-5C1E-4E42-ACBC-D3475A4D926E}"
EndProject
Project("{2150E333-8FDC-42A3-9474-1A3956D46DE8}") = "Host", "Host", "{E60F07C0-E04A-4835-8E36-BD74A766FD58}"
EndProject
Project("{2150E333-8FDC-42A3-9474-1A3956D46DE8}") = "Azure", "Azure", "{F96E7592-FB9F-46FA-82CF-05C12DC5BC20}"
EndProject
Project("{FAE04EC0-301F-11D3-BF4B-00C04F79EFBC}") = "LetsTalk.Host.Azure.AzureWebService.Tests", "LetsTalk.Host.Azure.AzureWebService.Tests\LetsTalk.Host.Azure.AzureWebService.Tests.csproj", "{FE31E8CB-4BE4-4D00-9B8B-675C920F31DC}"
EndProject
Project("{FAE04EC0-301F-11D3-BF4B-00C04F79EFBC}") = "LetsTalk.Client.Proxies.Tests", "LetsTalk.Client.Proxies.Tests\LetsTalk.Client.Proxies.Tests.csproj", "{AF425582-E3DA-4ADC-A98C-92CB5F9924F9}"
EndProject
Project("{FAE04EC0-301F-11D3-BF4B-00C04F79EFBC}") = "LetsTalk.Core.Common.Bus.Test", "LetsTalk.Core.Common.Bus.Test\LetsTalk.Core.Common.Bus.Test.csproj", "{882DDBFA-0352-4517-BE9D-7AD8BE9B695D}"
EndProject
Project("{FAE04EC0-301F-11D3-BF4B-00C04F79EFBC}") = "LetsTalk.Authentication.Tests", "LetsTalk.Authentication.Tests\LetsTalk.Authentication.Tests.csproj", "{4ED78650-7988-404C-985E-B29E20BA8CD1}"
EndProject
Project("{FAE04EC0-301F-11D3-BF4B-00C04F79EFBC}") = "LetsTalk.Core.Common.UI", "LetsTalk.Core.Common.UI.Core\LetsTalk.Core.Common.UI.csproj", "{156D9B41-CB9C-4E3A-8B2F-296163492F49}"
EndProject
Project("{2150E333-8FDC-42A3-9474-1A3956D46DE8}") = "_Phone Service", "_Phone Service", "{82888EBB-02DE-4632-BC33-98EA924DCD58}"
EndProject
Project("{FAE04EC0-301F-11D3-BF4B-00C04F79EFBC}") = "LetsTalk.Telephony.Data", "LetsTalk.Telephony.Data\LetsTalk.Telephony.Data.csproj", "{22E38B1A-114A-40E9-AC94-C8E443B58EC3}"
EndProject
Project("{FAE04EC0-301F-11D3-BF4B-00C04F79EFBC}") = "LetsTalk.Telephony", "LetsTalk.Telephony\LetsTalk.Telephony.csproj", "{97F61FC8-6EEB-4D7A-A4B2-6908952005E4}"
EndProject
Project("{FAE04EC0-301F-11D3-BF4B-00C04F79EFBC}") = "LetsTalk.Telephony.Data.Contracts", "LetsTalk.Telephony.Data.Contracts\LetsTalk.Telephony.Data.Contracts.csproj", "{3E1FF309-B165-43A9-9992-C0602CB1D297}"
EndProject
Project("{2150E333-8FDC-42A3-9474-1A3956D46DE8}") = "Agent Client", "Agent Client", "{A3672CBE-5565-499C-815D-0C4D119189AA}"
EndProject
Project("{FAE04EC0-301F-11D3-BF4B-00C04F79EFBC}") = "LetsTalk.Agent", "LetsTalk.Agent\LetsTalk.Agent.csproj", "{B993112A-2C6E-4D6B-B087-47FCBC33C020}"
EndProject
Project("{2150E333-8FDC-42A3-9474-1A3956D46DE8}") = "Modules", "Modules", "{E1D5C90E-06D6-4B51-8C99-B8F7B3C34BFC}"
EndProject
Project("{FAE04EC0-301F-11D3-BF4B-00C04F79EFBC}") = "LetsTalk.Agent.Modules.Phone", "LetsTalk.Agent.Modules.Phone\LetsTalk.Agent.Modules.Phone.csproj", "{382A4AB9-81DF-496C-9462-0BCCF4C53DCF}"
EndProject
Project("{FAE04EC0-301F-11D3-BF4B-00C04F79EFBC}") = "LetsTalk.Agent.Modules.SurveyModule", "LetsTalk.Agent.Modules.Survey\LetsTalk.Agent.Modules.SurveyModule.csproj", "{4ABFF1B5-942D-4785-B458-7908996F3F25}"
EndProject
Project("{FAE04EC0-301F-11D3-BF4B-00C04F79EFBC}") = "LetsTalk.Agent.Modules.News", "LetsTalk.Agent.Modules.News\LetsTalk.Agent.Modules.News.csproj", "{ED08C8B1-6574-45AF-BABA-F111413EE5C9}"
EndProject
Project("{FAE04EC0-301F-11D3-BF4B-00C04F79EFBC}") = "LetsTalk.Agent.Modules.Customers", "LetsTalk.Agent.Modules.Customers\LetsTalk.Agent.Modules.Customers.csproj", "{0F4711AC-3BD4-4E8D-9E65-D0ECD0FE4121}"
EndProject
Project("{FAE04EC0-301F-11D3-BF4B-00C04F79EFBC}") = "LetsTalk.Core.Common.Cryptography", "LetsTalk.Core.Common.Cryptography\LetsTalk.Core.Common.Cryptography.csproj", "{BB0C2FAF-B18E-46F9-85EC-A4E9CFAC538B}"
EndProject
Project("{FAE04EC0-301F-11D3-BF4B-00C04F79EFBC}") = "LetsTalk.Core.Common.Cryptography.Tests", "LetsTalk.Core.Common.Cryptography.Tests\LetsTalk.Core.Common.Cryptography.Tests.csproj", "{9A798880-9A25-464A-A168-1C6AD83AFE5C}"
EndProject
Project("{2150E333-8FDC-42A3-9474-1A3956D46DE8}") = "_Services", "_Services", "{F0D99791-ED9D-4DAB-BCE4-BDEC43E2A739}"
EndProject
Project("{2150E333-8FDC-42A3-9474-1A3956D46DE8}") = "Target Service", "Target Service", "{77B2CC06-8BE3-4681-AF53-559D28B3CA3A}"
EndProject
Project("{FAE04EC0-301F-11D3-BF4B-00C04F79EFBC}") = "LetsTalk.Services.TargetingService", "LetsTalk.Services.TargetingService\LetsTalk.Services.TargetingService.csproj", "{630825DC-F0C3-4341-A7D5-D9ED6E6D6503}"
EndProject
Project("{FAE04EC0-301F-11D3-BF4B-00C04F79EFBC}") = "LetsTalk.Services.TargetingService.Data", "LetsTalk.Services.TargetingService.Data\LetsTalk.Services.TargetingService.Data.csproj", "{6109589A-6360-4E3F-979B-654D995A3D9A}"
EndProject
Project("{FAE04EC0-301F-11D3-BF4B-00C04F79EFBC}") = "LetsTalk.Services.TargetingService.Contracts", "LetsTalk.Services.TargetingService.Contracts\LetsTalk.Services.TargetingService.Contracts.csproj", "{F079B871-16C1-4949-87C0-38E4DABC5CB3}"
EndProject
Project("{2150E333-8FDC-42A3-9474-1A3956D46DE8}") = "Services", "Services", "{3169BEA2-CA59-4428-A64A-121FADDBBADA}"
EndProject
Project("{2150E333-8FDC-42A3-9474-1A3956D46DE8}") = "TargetingService", "TargetingService", "{F95EC7FD-B51C-4A90-8342-1B40A6939531}"
EndProject
Project("{FAE04EC0-301F-11D3-BF4B-00C04F79EFBC}") = "LetsTalk.Services.TargetingService.Data.Tests", "LetsTalk.Services.TargetingService.Data.Tests\LetsTalk.Services.TargetingService.Data.Tests.csproj", "{D09AF99F-ABA5-4EFE-8251-2AAD0FB9EB30}"
EndProject
Project("{FAE04EC0-301F-11D3-BF4B-00C04F79EFBC}") = "LetsTalk.Services.TargetingService.Tests", "LetsTalk.Services.TargetingService.Tests\LetsTalk.Services.TargetingService.Tests.csproj", "{225E7C42-C9D1-411F-9EC1-90BA00BE1C3C}"
EndProject
Project("{2150E333-8FDC-42A3-9474-1A3956D46DE8}") = "Survey Service", "Survey Service", "{4FF87CEB-1843-450B-A569-FF7E296133B4}"
EndProject
Project("{FAE04EC0-301F-11D3-BF4B-00C04F79EFBC}") = "LetsTalk.Services.SurveyService.Tests", "LetsTalk.Services.SurveyService.Tests\LetsTalk.Services.SurveyService.Tests.csproj", "{594CEAD7-A298-4ABC-9A4C-901133354631}"
EndProject
Project("{FAE04EC0-301F-11D3-BF4B-00C04F79EFBC}") = "LetsTalk.Agent.Modules.Helpdesk", "LetsTalk.Agent.Modules.Helpdesk\LetsTalk.Agent.Modules.Helpdesk.csproj", "{51E9384D-F0C9-4AEE-BCB9-61661886604D}"
EndProject
Project("{2150E333-8FDC-42A3-9474-1A3956D46DE8}") = "News Service", "News Service", "{E91DE99B-11FC-45F9-BB2C-1BA46EBE11B6}"
EndProject
Project("{FAE04EC0-301F-11D3-BF4B-00C04F79EFBC}") = "LetsTalk.Agent.Modules.ToolBar", "LetsTalk.Agent.Modules.ToolBar\LetsTalk.Agent.Modules.ToolBar.csproj", "{2F86EA0D-F8C2-4E32-93BF-2EA807635F5D}"
EndProject
Project("{2150E333-8FDC-42A3-9474-1A3956D46DE8}") = "Solution Items", "Solution Items", "{9B9B5C3B-A87C-4C3D-A1D1-E508D4419A2E}"
	ProjectSection(SolutionItems) = preProject
		Settings.StyleCop = Settings.StyleCop
	EndProjectSection
EndProject
Project("{FAE04EC0-301F-11D3-BF4B-00C04F79EFBC}") = "LetsTalk.Agent.Modules.Targets", "LetsTalk.Agent.Modules.Targets\LetsTalk.Agent.Modules.Targets.csproj", "{67113D25-FD87-40F7-94FF-698F9A50F784}"
EndProject
Project("{FAE04EC0-301F-11D3-BF4B-00C04F79EFBC}") = "LetsTalk.Agent.Modules.Common", "LetsTalk.Agent.Modules.Common\LetsTalk.Agent.Modules.Common.csproj", "{EE453990-CC55-4734-A0D5-6FD271C208CD}"
EndProject
Project("{2150E333-8FDC-42A3-9474-1A3956D46DE8}") = "Timecard Service", "Timecard Service", "{2833D5B2-0AD0-4EF4-A340-4F77259ABE6D}"
EndProject
Project("{2150E333-8FDC-42A3-9474-1A3956D46DE8}") = "Agent Client", "Agent Client", "{EF83CEE9-701A-4D96-BA21-8E24D0102556}"
EndProject
Project("{2150E333-8FDC-42A3-9474-1A3956D46DE8}") = "Modules", "Modules", "{A3586439-C99D-4F00-904D-2B61EF4BDD27}"
EndProject
Project("{FAE04EC0-301F-11D3-BF4B-00C04F79EFBC}") = "LetsTalk.Agent.Modules.SurveyModule.Tests", "LetsTalk.Agent.Modules.SurveyModule.Tests\LetsTalk.Agent.Modules.SurveyModule.Tests.csproj", "{47E70E83-73E8-466D-9056-19F7E7EA5A8E}"
EndProject
Project("{FAE04EC0-301F-11D3-BF4B-00C04F79EFBC}") = "LetsTalk.Client.Entites.Tests", "Letstalk.Client.Entites.Tests\LetsTalk.Client.Entites.Tests.csproj", "{DE9AB180-3052-4247-A4D6-61FD3735F1B1}"
EndProject
Project("{FAE04EC0-301F-11D3-BF4B-00C04F79EFBC}") = "LetsTalk.Services.TimeCardService", "LetsTalk.Services.TimeCardService\LetsTalk.Services.TimeCardService.csproj", "{D859CEC3-D0AB-4571-9D05-9B4744E49E2B}"
EndProject
Project("{2150E333-8FDC-42A3-9474-1A3956D46DE8}") = "lighthouse", "lighthouse", "{B5C0472E-0BF4-4773-996C-E9E4D471147A}"
EndProject
Project("{9A19103F-16F7-4668-BE54-9A1E7A4F7556}") = "Lighthouse", "..\lighthouse\src\Lighthouse\Lighthouse.csproj", "{0C4C6D07-402A-410D-BE3E-672F7F664A9A}"
EndProject
Project("{FAE04EC0-301F-11D3-BF4B-00C04F79EFBC}") = "LetsTalk.Agent.Modules.TimeCard", "LetsTalk.Agent.Modules.TimeCard\LetsTalk.Agent.Modules.TimeCard.csproj", "{36C11AC1-B79C-4BAA-B6B0-0B6DBB0831A8}"
EndProject
Global
	GlobalSection(SolutionConfigurationPlatforms) = preSolution
		Debug|Any CPU = Debug|Any CPU
		Release|Any CPU = Release|Any CPU
	EndGlobalSection
	GlobalSection(ProjectConfigurationPlatforms) = postSolution
		{FCADD41C-8BE3-469E-94A9-25E3F79508B8}.Debug|Any CPU.ActiveCfg = Debug|Any CPU
		{FCADD41C-8BE3-469E-94A9-25E3F79508B8}.Debug|Any CPU.Build.0 = Debug|Any CPU
		{FCADD41C-8BE3-469E-94A9-25E3F79508B8}.Release|Any CPU.ActiveCfg = Release|Any CPU
		{FCADD41C-8BE3-469E-94A9-25E3F79508B8}.Release|Any CPU.Build.0 = Release|Any CPU
		{719CF015-C2CE-463E-824A-4AA645F7A5D0}.Debug|Any CPU.ActiveCfg = Debug|Any CPU
		{719CF015-C2CE-463E-824A-4AA645F7A5D0}.Debug|Any CPU.Build.0 = Debug|Any CPU
		{719CF015-C2CE-463E-824A-4AA645F7A5D0}.Release|Any CPU.ActiveCfg = Release|Any CPU
		{719CF015-C2CE-463E-824A-4AA645F7A5D0}.Release|Any CPU.Build.0 = Release|Any CPU
		{56B05394-3053-4685-8FA4-EB4421FE4BAB}.Debug|Any CPU.ActiveCfg = Debug|Any CPU
		{56B05394-3053-4685-8FA4-EB4421FE4BAB}.Debug|Any CPU.Build.0 = Debug|Any CPU
		{56B05394-3053-4685-8FA4-EB4421FE4BAB}.Release|Any CPU.ActiveCfg = Release|Any CPU
		{56B05394-3053-4685-8FA4-EB4421FE4BAB}.Release|Any CPU.Build.0 = Release|Any CPU
		{683C9BC5-E226-497E-9B2C-4F38DE547E79}.Debug|Any CPU.ActiveCfg = Debug|Any CPU
		{683C9BC5-E226-497E-9B2C-4F38DE547E79}.Debug|Any CPU.Build.0 = Debug|Any CPU
		{683C9BC5-E226-497E-9B2C-4F38DE547E79}.Release|Any CPU.ActiveCfg = Release|Any CPU
		{683C9BC5-E226-497E-9B2C-4F38DE547E79}.Release|Any CPU.Build.0 = Release|Any CPU
		{5578418C-82E6-45E4-8083-07AEC8B672D1}.Debug|Any CPU.ActiveCfg = Debug|Any CPU
		{5578418C-82E6-45E4-8083-07AEC8B672D1}.Debug|Any CPU.Build.0 = Debug|Any CPU
		{5578418C-82E6-45E4-8083-07AEC8B672D1}.Release|Any CPU.ActiveCfg = Release|Any CPU
		{5578418C-82E6-45E4-8083-07AEC8B672D1}.Release|Any CPU.Build.0 = Release|Any CPU
		{E19D81A5-BBF6-413E-A62D-A31307BBDBBC}.Debug|Any CPU.ActiveCfg = Debug|Any CPU
		{E19D81A5-BBF6-413E-A62D-A31307BBDBBC}.Debug|Any CPU.Build.0 = Debug|Any CPU
		{E19D81A5-BBF6-413E-A62D-A31307BBDBBC}.Release|Any CPU.ActiveCfg = Release|Any CPU
		{E19D81A5-BBF6-413E-A62D-A31307BBDBBC}.Release|Any CPU.Build.0 = Release|Any CPU
		{3AFC86C9-E145-4019-B51D-E60F5650EF20}.Debug|Any CPU.ActiveCfg = Debug|Any CPU
		{3AFC86C9-E145-4019-B51D-E60F5650EF20}.Debug|Any CPU.Build.0 = Debug|Any CPU
		{3AFC86C9-E145-4019-B51D-E60F5650EF20}.Release|Any CPU.ActiveCfg = Release|Any CPU
		{3AFC86C9-E145-4019-B51D-E60F5650EF20}.Release|Any CPU.Build.0 = Release|Any CPU
		{2D8D79F4-8974-4830-8F87-EC6D4247C9CD}.Debug|Any CPU.ActiveCfg = Debug|Any CPU
		{2D8D79F4-8974-4830-8F87-EC6D4247C9CD}.Debug|Any CPU.Build.0 = Debug|Any CPU
		{2D8D79F4-8974-4830-8F87-EC6D4247C9CD}.Release|Any CPU.ActiveCfg = Release|Any CPU
		{2D8D79F4-8974-4830-8F87-EC6D4247C9CD}.Release|Any CPU.Build.0 = Release|Any CPU
		{66C9D553-1DCC-478D-A066-E64FBDAD00F4}.Debug|Any CPU.ActiveCfg = Debug|Any CPU
		{66C9D553-1DCC-478D-A066-E64FBDAD00F4}.Debug|Any CPU.Build.0 = Debug|Any CPU
		{66C9D553-1DCC-478D-A066-E64FBDAD00F4}.Release|Any CPU.ActiveCfg = Release|Any CPU
		{66C9D553-1DCC-478D-A066-E64FBDAD00F4}.Release|Any CPU.Build.0 = Release|Any CPU
		{092BCE8F-65BD-45F0-89C6-A07BDEAAA6D1}.Debug|Any CPU.ActiveCfg = Debug|Any CPU
		{092BCE8F-65BD-45F0-89C6-A07BDEAAA6D1}.Debug|Any CPU.Build.0 = Debug|Any CPU
		{092BCE8F-65BD-45F0-89C6-A07BDEAAA6D1}.Release|Any CPU.ActiveCfg = Release|Any CPU
		{092BCE8F-65BD-45F0-89C6-A07BDEAAA6D1}.Release|Any CPU.Build.0 = Release|Any CPU
		{112062BF-F431-49C4-80F9-193342AFD42E}.Debug|Any CPU.ActiveCfg = Debug|Any CPU
		{112062BF-F431-49C4-80F9-193342AFD42E}.Debug|Any CPU.Build.0 = Debug|Any CPU
		{112062BF-F431-49C4-80F9-193342AFD42E}.Release|Any CPU.ActiveCfg = Release|Any CPU
		{112062BF-F431-49C4-80F9-193342AFD42E}.Release|Any CPU.Build.0 = Release|Any CPU
		{4D077550-112D-453E-91E5-938E934B24AD}.Debug|Any CPU.ActiveCfg = Debug|Any CPU
		{4D077550-112D-453E-91E5-938E934B24AD}.Debug|Any CPU.Build.0 = Debug|Any CPU
		{4D077550-112D-453E-91E5-938E934B24AD}.Release|Any CPU.ActiveCfg = Release|Any CPU
		{4D077550-112D-453E-91E5-938E934B24AD}.Release|Any CPU.Build.0 = Release|Any CPU
		{7B39FA13-6974-4A4F-BAE4-B231D2E16DE3}.Debug|Any CPU.ActiveCfg = Debug|Any CPU
		{7B39FA13-6974-4A4F-BAE4-B231D2E16DE3}.Debug|Any CPU.Build.0 = Debug|Any CPU
		{7B39FA13-6974-4A4F-BAE4-B231D2E16DE3}.Release|Any CPU.ActiveCfg = Release|Any CPU
		{7B39FA13-6974-4A4F-BAE4-B231D2E16DE3}.Release|Any CPU.Build.0 = Release|Any CPU
		{2B57957B-F5E7-4543-B436-0AEC781388FB}.Debug|Any CPU.ActiveCfg = Debug|Any CPU
		{2B57957B-F5E7-4543-B436-0AEC781388FB}.Debug|Any CPU.Build.0 = Debug|Any CPU
		{2B57957B-F5E7-4543-B436-0AEC781388FB}.Release|Any CPU.ActiveCfg = Release|Any CPU
		{2B57957B-F5E7-4543-B436-0AEC781388FB}.Release|Any CPU.Build.0 = Release|Any CPU
		{EB6CFB0A-A4B1-4890-90C7-0ABB21E940B0}.Debug|Any CPU.ActiveCfg = Debug|Any CPU
		{EB6CFB0A-A4B1-4890-90C7-0ABB21E940B0}.Debug|Any CPU.Build.0 = Debug|Any CPU
		{EB6CFB0A-A4B1-4890-90C7-0ABB21E940B0}.Release|Any CPU.ActiveCfg = Release|Any CPU
		{EB6CFB0A-A4B1-4890-90C7-0ABB21E940B0}.Release|Any CPU.Build.0 = Release|Any CPU
		{830FAEDC-0F94-41FA-823D-F3534DAE7C8E}.Debug|Any CPU.ActiveCfg = Debug|Any CPU
		{830FAEDC-0F94-41FA-823D-F3534DAE7C8E}.Debug|Any CPU.Build.0 = Debug|Any CPU
		{830FAEDC-0F94-41FA-823D-F3534DAE7C8E}.Release|Any CPU.ActiveCfg = Release|Any CPU
		{830FAEDC-0F94-41FA-823D-F3534DAE7C8E}.Release|Any CPU.Build.0 = Release|Any CPU
		{3A0B4722-DCE4-4273-85E0-A8D29109B22C}.Debug|Any CPU.ActiveCfg = Debug|Any CPU
		{3A0B4722-DCE4-4273-85E0-A8D29109B22C}.Debug|Any CPU.Build.0 = Debug|Any CPU
		{3A0B4722-DCE4-4273-85E0-A8D29109B22C}.Release|Any CPU.ActiveCfg = Release|Any CPU
		{3A0B4722-DCE4-4273-85E0-A8D29109B22C}.Release|Any CPU.Build.0 = Release|Any CPU
		{FFEA92AD-88D0-4656-86D3-F2F587E812E2}.Debug|Any CPU.ActiveCfg = Debug|Any CPU
		{FFEA92AD-88D0-4656-86D3-F2F587E812E2}.Debug|Any CPU.Build.0 = Debug|Any CPU
		{FFEA92AD-88D0-4656-86D3-F2F587E812E2}.Release|Any CPU.ActiveCfg = Release|Any CPU
		{FFEA92AD-88D0-4656-86D3-F2F587E812E2}.Release|Any CPU.Build.0 = Release|Any CPU
		{9BDC4111-C7E6-4E12-9174-A114E4695A5F}.Debug|Any CPU.ActiveCfg = Debug|Any CPU
		{9BDC4111-C7E6-4E12-9174-A114E4695A5F}.Debug|Any CPU.Build.0 = Debug|Any CPU
		{9BDC4111-C7E6-4E12-9174-A114E4695A5F}.Release|Any CPU.ActiveCfg = Release|Any CPU
		{9BDC4111-C7E6-4E12-9174-A114E4695A5F}.Release|Any CPU.Build.0 = Release|Any CPU
		{F1B97BC0-7154-49DD-AE02-D007EEE47709}.Debug|Any CPU.ActiveCfg = Debug|Any CPU
		{F1B97BC0-7154-49DD-AE02-D007EEE47709}.Debug|Any CPU.Build.0 = Debug|Any CPU
		{F1B97BC0-7154-49DD-AE02-D007EEE47709}.Release|Any CPU.ActiveCfg = Release|Any CPU
		{F1B97BC0-7154-49DD-AE02-D007EEE47709}.Release|Any CPU.Build.0 = Release|Any CPU
		{D930D0DF-687C-4326-9016-E350FB568336}.Debug|Any CPU.ActiveCfg = Debug|Any CPU
		{D930D0DF-687C-4326-9016-E350FB568336}.Debug|Any CPU.Build.0 = Debug|Any CPU
		{D930D0DF-687C-4326-9016-E350FB568336}.Release|Any CPU.ActiveCfg = Release|Any CPU
		{D930D0DF-687C-4326-9016-E350FB568336}.Release|Any CPU.Build.0 = Release|Any CPU
		{E3186353-1140-4D4E-A4C9-6FA37C59EF41}.Debug|Any CPU.ActiveCfg = Debug|Any CPU
		{E3186353-1140-4D4E-A4C9-6FA37C59EF41}.Debug|Any CPU.Build.0 = Debug|Any CPU
		{E3186353-1140-4D4E-A4C9-6FA37C59EF41}.Release|Any CPU.ActiveCfg = Release|Any CPU
		{E3186353-1140-4D4E-A4C9-6FA37C59EF41}.Release|Any CPU.Build.0 = Release|Any CPU
		{969E9D32-09F0-417B-B628-30B625303743}.Debug|Any CPU.ActiveCfg = Debug|Any CPU
		{969E9D32-09F0-417B-B628-30B625303743}.Debug|Any CPU.Build.0 = Debug|Any CPU
		{969E9D32-09F0-417B-B628-30B625303743}.Release|Any CPU.ActiveCfg = Release|Any CPU
		{969E9D32-09F0-417B-B628-30B625303743}.Release|Any CPU.Build.0 = Release|Any CPU
		{6F974F9E-88BF-4932-8AEF-22A7BEDFA60A}.Debug|Any CPU.ActiveCfg = Debug|Any CPU
		{6F974F9E-88BF-4932-8AEF-22A7BEDFA60A}.Debug|Any CPU.Build.0 = Debug|Any CPU
		{6F974F9E-88BF-4932-8AEF-22A7BEDFA60A}.Release|Any CPU.ActiveCfg = Release|Any CPU
		{6F974F9E-88BF-4932-8AEF-22A7BEDFA60A}.Release|Any CPU.Build.0 = Release|Any CPU
		{21C9342E-9EA1-42FF-9C0D-64B55460AE21}.Debug|Any CPU.ActiveCfg = Debug|Any CPU
		{21C9342E-9EA1-42FF-9C0D-64B55460AE21}.Debug|Any CPU.Build.0 = Debug|Any CPU
		{21C9342E-9EA1-42FF-9C0D-64B55460AE21}.Release|Any CPU.ActiveCfg = Release|Any CPU
		{21C9342E-9EA1-42FF-9C0D-64B55460AE21}.Release|Any CPU.Build.0 = Release|Any CPU
		{A73C3742-8895-4CF7-B131-386710E53593}.Debug|Any CPU.ActiveCfg = Debug|Any CPU
		{A73C3742-8895-4CF7-B131-386710E53593}.Debug|Any CPU.Build.0 = Debug|Any CPU
		{A73C3742-8895-4CF7-B131-386710E53593}.Release|Any CPU.ActiveCfg = Release|Any CPU
		{A73C3742-8895-4CF7-B131-386710E53593}.Release|Any CPU.Build.0 = Release|Any CPU
		{6E29A410-8B2A-4BCE-813D-3AE79A7D52D3}.Debug|Any CPU.ActiveCfg = Debug|Any CPU
		{6E29A410-8B2A-4BCE-813D-3AE79A7D52D3}.Debug|Any CPU.Build.0 = Debug|Any CPU
		{6E29A410-8B2A-4BCE-813D-3AE79A7D52D3}.Release|Any CPU.ActiveCfg = Release|Any CPU
		{6E29A410-8B2A-4BCE-813D-3AE79A7D52D3}.Release|Any CPU.Build.0 = Release|Any CPU
		{ABD6B82D-5C1E-4E42-ACBC-D3475A4D926E}.Debug|Any CPU.ActiveCfg = Debug|Any CPU
		{ABD6B82D-5C1E-4E42-ACBC-D3475A4D926E}.Debug|Any CPU.Build.0 = Debug|Any CPU
		{ABD6B82D-5C1E-4E42-ACBC-D3475A4D926E}.Release|Any CPU.ActiveCfg = Release|Any CPU
		{ABD6B82D-5C1E-4E42-ACBC-D3475A4D926E}.Release|Any CPU.Build.0 = Release|Any CPU
		{FE31E8CB-4BE4-4D00-9B8B-675C920F31DC}.Debug|Any CPU.ActiveCfg = Debug|Any CPU
		{FE31E8CB-4BE4-4D00-9B8B-675C920F31DC}.Debug|Any CPU.Build.0 = Debug|Any CPU
		{FE31E8CB-4BE4-4D00-9B8B-675C920F31DC}.Release|Any CPU.ActiveCfg = Release|Any CPU
		{FE31E8CB-4BE4-4D00-9B8B-675C920F31DC}.Release|Any CPU.Build.0 = Release|Any CPU
		{AF425582-E3DA-4ADC-A98C-92CB5F9924F9}.Debug|Any CPU.ActiveCfg = Debug|Any CPU
		{AF425582-E3DA-4ADC-A98C-92CB5F9924F9}.Debug|Any CPU.Build.0 = Debug|Any CPU
		{AF425582-E3DA-4ADC-A98C-92CB5F9924F9}.Release|Any CPU.ActiveCfg = Release|Any CPU
		{AF425582-E3DA-4ADC-A98C-92CB5F9924F9}.Release|Any CPU.Build.0 = Release|Any CPU
		{882DDBFA-0352-4517-BE9D-7AD8BE9B695D}.Debug|Any CPU.ActiveCfg = Debug|Any CPU
		{882DDBFA-0352-4517-BE9D-7AD8BE9B695D}.Debug|Any CPU.Build.0 = Debug|Any CPU
		{882DDBFA-0352-4517-BE9D-7AD8BE9B695D}.Release|Any CPU.ActiveCfg = Release|Any CPU
		{882DDBFA-0352-4517-BE9D-7AD8BE9B695D}.Release|Any CPU.Build.0 = Release|Any CPU
		{4ED78650-7988-404C-985E-B29E20BA8CD1}.Debug|Any CPU.ActiveCfg = Debug|Any CPU
		{4ED78650-7988-404C-985E-B29E20BA8CD1}.Debug|Any CPU.Build.0 = Debug|Any CPU
		{4ED78650-7988-404C-985E-B29E20BA8CD1}.Release|Any CPU.ActiveCfg = Release|Any CPU
		{4ED78650-7988-404C-985E-B29E20BA8CD1}.Release|Any CPU.Build.0 = Release|Any CPU
		{156D9B41-CB9C-4E3A-8B2F-296163492F49}.Debug|Any CPU.ActiveCfg = Debug|Any CPU
		{156D9B41-CB9C-4E3A-8B2F-296163492F49}.Debug|Any CPU.Build.0 = Debug|Any CPU
		{156D9B41-CB9C-4E3A-8B2F-296163492F49}.Release|Any CPU.ActiveCfg = Release|Any CPU
		{156D9B41-CB9C-4E3A-8B2F-296163492F49}.Release|Any CPU.Build.0 = Release|Any CPU
		{22E38B1A-114A-40E9-AC94-C8E443B58EC3}.Debug|Any CPU.ActiveCfg = Debug|Any CPU
		{22E38B1A-114A-40E9-AC94-C8E443B58EC3}.Debug|Any CPU.Build.0 = Debug|Any CPU
		{22E38B1A-114A-40E9-AC94-C8E443B58EC3}.Release|Any CPU.ActiveCfg = Release|Any CPU
		{22E38B1A-114A-40E9-AC94-C8E443B58EC3}.Release|Any CPU.Build.0 = Release|Any CPU
		{97F61FC8-6EEB-4D7A-A4B2-6908952005E4}.Debug|Any CPU.ActiveCfg = Debug|Any CPU
		{97F61FC8-6EEB-4D7A-A4B2-6908952005E4}.Debug|Any CPU.Build.0 = Debug|Any CPU
		{97F61FC8-6EEB-4D7A-A4B2-6908952005E4}.Release|Any CPU.ActiveCfg = Release|Any CPU
		{97F61FC8-6EEB-4D7A-A4B2-6908952005E4}.Release|Any CPU.Build.0 = Release|Any CPU
		{3E1FF309-B165-43A9-9992-C0602CB1D297}.Debug|Any CPU.ActiveCfg = Debug|Any CPU
		{3E1FF309-B165-43A9-9992-C0602CB1D297}.Debug|Any CPU.Build.0 = Debug|Any CPU
		{3E1FF309-B165-43A9-9992-C0602CB1D297}.Release|Any CPU.ActiveCfg = Release|Any CPU
		{3E1FF309-B165-43A9-9992-C0602CB1D297}.Release|Any CPU.Build.0 = Release|Any CPU
		{B993112A-2C6E-4D6B-B087-47FCBC33C020}.Debug|Any CPU.ActiveCfg = Debug|Any CPU
		{B993112A-2C6E-4D6B-B087-47FCBC33C020}.Debug|Any CPU.Build.0 = Debug|Any CPU
		{B993112A-2C6E-4D6B-B087-47FCBC33C020}.Release|Any CPU.ActiveCfg = Release|Any CPU
		{B993112A-2C6E-4D6B-B087-47FCBC33C020}.Release|Any CPU.Build.0 = Release|Any CPU
		{382A4AB9-81DF-496C-9462-0BCCF4C53DCF}.Debug|Any CPU.ActiveCfg = Debug|Any CPU
		{382A4AB9-81DF-496C-9462-0BCCF4C53DCF}.Debug|Any CPU.Build.0 = Debug|Any CPU
		{382A4AB9-81DF-496C-9462-0BCCF4C53DCF}.Release|Any CPU.ActiveCfg = Release|Any CPU
		{382A4AB9-81DF-496C-9462-0BCCF4C53DCF}.Release|Any CPU.Build.0 = Release|Any CPU
		{4ABFF1B5-942D-4785-B458-7908996F3F25}.Debug|Any CPU.ActiveCfg = Debug|Any CPU
		{4ABFF1B5-942D-4785-B458-7908996F3F25}.Debug|Any CPU.Build.0 = Debug|Any CPU
		{4ABFF1B5-942D-4785-B458-7908996F3F25}.Release|Any CPU.ActiveCfg = Release|Any CPU
		{4ABFF1B5-942D-4785-B458-7908996F3F25}.Release|Any CPU.Build.0 = Release|Any CPU
		{ED08C8B1-6574-45AF-BABA-F111413EE5C9}.Debug|Any CPU.ActiveCfg = Debug|Any CPU
		{ED08C8B1-6574-45AF-BABA-F111413EE5C9}.Debug|Any CPU.Build.0 = Debug|Any CPU
		{ED08C8B1-6574-45AF-BABA-F111413EE5C9}.Release|Any CPU.ActiveCfg = Release|Any CPU
		{ED08C8B1-6574-45AF-BABA-F111413EE5C9}.Release|Any CPU.Build.0 = Release|Any CPU
		{0F4711AC-3BD4-4E8D-9E65-D0ECD0FE4121}.Debug|Any CPU.ActiveCfg = Debug|Any CPU
		{0F4711AC-3BD4-4E8D-9E65-D0ECD0FE4121}.Debug|Any CPU.Build.0 = Debug|Any CPU
		{0F4711AC-3BD4-4E8D-9E65-D0ECD0FE4121}.Release|Any CPU.ActiveCfg = Release|Any CPU
		{0F4711AC-3BD4-4E8D-9E65-D0ECD0FE4121}.Release|Any CPU.Build.0 = Release|Any CPU
		{BB0C2FAF-B18E-46F9-85EC-A4E9CFAC538B}.Debug|Any CPU.ActiveCfg = Debug|Any CPU
		{BB0C2FAF-B18E-46F9-85EC-A4E9CFAC538B}.Debug|Any CPU.Build.0 = Debug|Any CPU
		{BB0C2FAF-B18E-46F9-85EC-A4E9CFAC538B}.Release|Any CPU.ActiveCfg = Release|Any CPU
		{BB0C2FAF-B18E-46F9-85EC-A4E9CFAC538B}.Release|Any CPU.Build.0 = Release|Any CPU
		{9A798880-9A25-464A-A168-1C6AD83AFE5C}.Debug|Any CPU.ActiveCfg = Debug|Any CPU
		{9A798880-9A25-464A-A168-1C6AD83AFE5C}.Debug|Any CPU.Build.0 = Debug|Any CPU
		{9A798880-9A25-464A-A168-1C6AD83AFE5C}.Release|Any CPU.ActiveCfg = Release|Any CPU
		{9A798880-9A25-464A-A168-1C6AD83AFE5C}.Release|Any CPU.Build.0 = Release|Any CPU
		{630825DC-F0C3-4341-A7D5-D9ED6E6D6503}.Debug|Any CPU.ActiveCfg = Debug|Any CPU
		{630825DC-F0C3-4341-A7D5-D9ED6E6D6503}.Debug|Any CPU.Build.0 = Debug|Any CPU
		{630825DC-F0C3-4341-A7D5-D9ED6E6D6503}.Release|Any CPU.ActiveCfg = Release|Any CPU
		{630825DC-F0C3-4341-A7D5-D9ED6E6D6503}.Release|Any CPU.Build.0 = Release|Any CPU
		{6109589A-6360-4E3F-979B-654D995A3D9A}.Debug|Any CPU.ActiveCfg = Debug|Any CPU
		{6109589A-6360-4E3F-979B-654D995A3D9A}.Debug|Any CPU.Build.0 = Debug|Any CPU
		{6109589A-6360-4E3F-979B-654D995A3D9A}.Release|Any CPU.ActiveCfg = Release|Any CPU
		{6109589A-6360-4E3F-979B-654D995A3D9A}.Release|Any CPU.Build.0 = Release|Any CPU
		{F079B871-16C1-4949-87C0-38E4DABC5CB3}.Debug|Any CPU.ActiveCfg = Debug|Any CPU
		{F079B871-16C1-4949-87C0-38E4DABC5CB3}.Debug|Any CPU.Build.0 = Debug|Any CPU
		{F079B871-16C1-4949-87C0-38E4DABC5CB3}.Release|Any CPU.ActiveCfg = Release|Any CPU
		{F079B871-16C1-4949-87C0-38E4DABC5CB3}.Release|Any CPU.Build.0 = Release|Any CPU
		{D09AF99F-ABA5-4EFE-8251-2AAD0FB9EB30}.Debug|Any CPU.ActiveCfg = Debug|Any CPU
		{D09AF99F-ABA5-4EFE-8251-2AAD0FB9EB30}.Debug|Any CPU.Build.0 = Debug|Any CPU
		{D09AF99F-ABA5-4EFE-8251-2AAD0FB9EB30}.Release|Any CPU.ActiveCfg = Release|Any CPU
		{D09AF99F-ABA5-4EFE-8251-2AAD0FB9EB30}.Release|Any CPU.Build.0 = Release|Any CPU
		{225E7C42-C9D1-411F-9EC1-90BA00BE1C3C}.Debug|Any CPU.ActiveCfg = Debug|Any CPU
		{225E7C42-C9D1-411F-9EC1-90BA00BE1C3C}.Debug|Any CPU.Build.0 = Debug|Any CPU
		{225E7C42-C9D1-411F-9EC1-90BA00BE1C3C}.Release|Any CPU.ActiveCfg = Release|Any CPU
		{225E7C42-C9D1-411F-9EC1-90BA00BE1C3C}.Release|Any CPU.Build.0 = Release|Any CPU
		{594CEAD7-A298-4ABC-9A4C-901133354631}.Debug|Any CPU.ActiveCfg = Debug|Any CPU
		{594CEAD7-A298-4ABC-9A4C-901133354631}.Debug|Any CPU.Build.0 = Debug|Any CPU
		{594CEAD7-A298-4ABC-9A4C-901133354631}.Release|Any CPU.ActiveCfg = Release|Any CPU
		{594CEAD7-A298-4ABC-9A4C-901133354631}.Release|Any CPU.Build.0 = Release|Any CPU
		{51E9384D-F0C9-4AEE-BCB9-61661886604D}.Debug|Any CPU.ActiveCfg = Debug|Any CPU
		{51E9384D-F0C9-4AEE-BCB9-61661886604D}.Debug|Any CPU.Build.0 = Debug|Any CPU
		{51E9384D-F0C9-4AEE-BCB9-61661886604D}.Release|Any CPU.ActiveCfg = Release|Any CPU
		{51E9384D-F0C9-4AEE-BCB9-61661886604D}.Release|Any CPU.Build.0 = Release|Any CPU
		{2F86EA0D-F8C2-4E32-93BF-2EA807635F5D}.Debug|Any CPU.ActiveCfg = Debug|Any CPU
		{2F86EA0D-F8C2-4E32-93BF-2EA807635F5D}.Debug|Any CPU.Build.0 = Debug|Any CPU
		{2F86EA0D-F8C2-4E32-93BF-2EA807635F5D}.Release|Any CPU.ActiveCfg = Release|Any CPU
		{2F86EA0D-F8C2-4E32-93BF-2EA807635F5D}.Release|Any CPU.Build.0 = Release|Any CPU
		{67113D25-FD87-40F7-94FF-698F9A50F784}.Debug|Any CPU.ActiveCfg = Debug|Any CPU
		{67113D25-FD87-40F7-94FF-698F9A50F784}.Debug|Any CPU.Build.0 = Debug|Any CPU
		{67113D25-FD87-40F7-94FF-698F9A50F784}.Release|Any CPU.ActiveCfg = Release|Any CPU
		{67113D25-FD87-40F7-94FF-698F9A50F784}.Release|Any CPU.Build.0 = Release|Any CPU
		{EE453990-CC55-4734-A0D5-6FD271C208CD}.Debug|Any CPU.ActiveCfg = Debug|Any CPU
		{EE453990-CC55-4734-A0D5-6FD271C208CD}.Debug|Any CPU.Build.0 = Debug|Any CPU
		{EE453990-CC55-4734-A0D5-6FD271C208CD}.Release|Any CPU.ActiveCfg = Release|Any CPU
		{EE453990-CC55-4734-A0D5-6FD271C208CD}.Release|Any CPU.Build.0 = Release|Any CPU
		{47E70E83-73E8-466D-9056-19F7E7EA5A8E}.Debug|Any CPU.ActiveCfg = Debug|Any CPU
		{47E70E83-73E8-466D-9056-19F7E7EA5A8E}.Debug|Any CPU.Build.0 = Debug|Any CPU
		{47E70E83-73E8-466D-9056-19F7E7EA5A8E}.Release|Any CPU.ActiveCfg = Release|Any CPU
		{47E70E83-73E8-466D-9056-19F7E7EA5A8E}.Release|Any CPU.Build.0 = Release|Any CPU
		{DE9AB180-3052-4247-A4D6-61FD3735F1B1}.Debug|Any CPU.ActiveCfg = Debug|Any CPU
		{DE9AB180-3052-4247-A4D6-61FD3735F1B1}.Debug|Any CPU.Build.0 = Debug|Any CPU
		{DE9AB180-3052-4247-A4D6-61FD3735F1B1}.Release|Any CPU.ActiveCfg = Release|Any CPU
		{DE9AB180-3052-4247-A4D6-61FD3735F1B1}.Release|Any CPU.Build.0 = Release|Any CPU
		{D859CEC3-D0AB-4571-9D05-9B4744E49E2B}.Debug|Any CPU.ActiveCfg = Debug|Any CPU
		{D859CEC3-D0AB-4571-9D05-9B4744E49E2B}.Debug|Any CPU.Build.0 = Debug|Any CPU
		{D859CEC3-D0AB-4571-9D05-9B4744E49E2B}.Release|Any CPU.ActiveCfg = Release|Any CPU
		{D859CEC3-D0AB-4571-9D05-9B4744E49E2B}.Release|Any CPU.Build.0 = Release|Any CPU
		{0C4C6D07-402A-410D-BE3E-672F7F664A9A}.Debug|Any CPU.ActiveCfg = Debug|Any CPU
		{0C4C6D07-402A-410D-BE3E-672F7F664A9A}.Debug|Any CPU.Build.0 = Debug|Any CPU
		{0C4C6D07-402A-410D-BE3E-672F7F664A9A}.Release|Any CPU.ActiveCfg = Release|Any CPU
		{0C4C6D07-402A-410D-BE3E-672F7F664A9A}.Release|Any CPU.Build.0 = Release|Any CPU
		{36C11AC1-B79C-4BAA-B6B0-0B6DBB0831A8}.Debug|Any CPU.ActiveCfg = Debug|Any CPU
		{36C11AC1-B79C-4BAA-B6B0-0B6DBB0831A8}.Debug|Any CPU.Build.0 = Debug|Any CPU
		{36C11AC1-B79C-4BAA-B6B0-0B6DBB0831A8}.Release|Any CPU.ActiveCfg = Release|Any CPU
		{36C11AC1-B79C-4BAA-B6B0-0B6DBB0831A8}.Release|Any CPU.Build.0 = Release|Any CPU
	EndGlobalSection
	GlobalSection(SolutionProperties) = preSolution
		HideSolutionNode = FALSE
	EndGlobalSection
	GlobalSection(NestedProjects) = preSolution
		{FCADD41C-8BE3-469E-94A9-25E3F79508B8} = {9D34DFC6-3A83-4CF8-9665-A0D0BFBD2703}
		{195F1FC2-E82B-49CB-99A2-556B8777DB5F} = {F0D99791-ED9D-4DAB-BCE4-BDEC43E2A739}
		{719CF015-C2CE-463E-824A-4AA645F7A5D0} = {195F1FC2-E82B-49CB-99A2-556B8777DB5F}
		{56B05394-3053-4685-8FA4-EB4421FE4BAB} = {25DDB70E-35C9-4377-8045-26416B4D7735}
		{67C0FDCD-176E-4147-B257-9578451678F1} = {F0D99791-ED9D-4DAB-BCE4-BDEC43E2A739}
		{683C9BC5-E226-497E-9B2C-4F38DE547E79} = {67C0FDCD-176E-4147-B257-9578451678F1}
		{5578418C-82E6-45E4-8083-07AEC8B672D1} = {25DDB70E-35C9-4377-8045-26416B4D7735}
		{E19D81A5-BBF6-413E-A62D-A31307BBDBBC} = {9D34DFC6-3A83-4CF8-9665-A0D0BFBD2703}
		{14C82874-70BB-4316-AF64-45F00A638C3E} = {9891BC90-DF50-4CB6-A14D-7ADDF92C1B7C}
		{37E2F015-D66C-4A98-9253-A89B701FD278} = {9891BC90-DF50-4CB6-A14D-7ADDF92C1B7C}
		{3AFC86C9-E145-4019-B51D-E60F5650EF20} = {37E2F015-D66C-4A98-9253-A89B701FD278}
		{2D8D79F4-8974-4830-8F87-EC6D4247C9CD} = {9D34DFC6-3A83-4CF8-9665-A0D0BFBD2703}
		{66C9D553-1DCC-478D-A066-E64FBDAD00F4} = {67C0FDCD-176E-4147-B257-9578451678F1}
		{092BCE8F-65BD-45F0-89C6-A07BDEAAA6D1} = {67C0FDCD-176E-4147-B257-9578451678F1}
		{112062BF-F431-49C4-80F9-193342AFD42E} = {40C6F2FA-3A46-425D-8F75-84EA769ED742}
		{228BC43D-2355-4D6C-8701-1BF0BE3D99E7} = {9891BC90-DF50-4CB6-A14D-7ADDF92C1B7C}
		{4D077550-112D-453E-91E5-938E934B24AD} = {228BC43D-2355-4D6C-8701-1BF0BE3D99E7}
		{7B39FA13-6974-4A4F-BAE4-B231D2E16DE3} = {40C6F2FA-3A46-425D-8F75-84EA769ED742}
		{2B57957B-F5E7-4543-B436-0AEC781388FB} = {40C6F2FA-3A46-425D-8F75-84EA769ED742}
		{EB6CFB0A-A4B1-4890-90C7-0ABB21E940B0} = {40C6F2FA-3A46-425D-8F75-84EA769ED742}
		{830FAEDC-0F94-41FA-823D-F3534DAE7C8E} = {40C6F2FA-3A46-425D-8F75-84EA769ED742}
		{1A179603-A322-4D97-BF2B-805DF62D0F6D} = {F0D99791-ED9D-4DAB-BCE4-BDEC43E2A739}
		{3A0B4722-DCE4-4273-85E0-A8D29109B22C} = {1A179603-A322-4D97-BF2B-805DF62D0F6D}
		{FFEA92AD-88D0-4656-86D3-F2F587E812E2} = {1A179603-A322-4D97-BF2B-805DF62D0F6D}
		{9BDC4111-C7E6-4E12-9174-A114E4695A5F} = {1A179603-A322-4D97-BF2B-805DF62D0F6D}
		{F1B97BC0-7154-49DD-AE02-D007EEE47709} = {4FF87CEB-1843-450B-A569-FF7E296133B4}
		{15BFADFB-E22D-478F-BCE3-D8B8EBB3414B} = {9891BC90-DF50-4CB6-A14D-7ADDF92C1B7C}
		{D930D0DF-687C-4326-9016-E350FB568336} = {4FF87CEB-1843-450B-A569-FF7E296133B4}
		{E3186353-1140-4D4E-A4C9-6FA37C59EF41} = {15BFADFB-E22D-478F-BCE3-D8B8EBB3414B}
		{969E9D32-09F0-417B-B628-30B625303743} = {25DDB70E-35C9-4377-8045-26416B4D7735}
		{6F974F9E-88BF-4932-8AEF-22A7BEDFA60A} = {25DDB70E-35C9-4377-8045-26416B4D7735}
		{21C9342E-9EA1-42FF-9C0D-64B55460AE21} = {25DDB70E-35C9-4377-8045-26416B4D7735}
		{A73C3742-8895-4CF7-B131-386710E53593} = {9891BC90-DF50-4CB6-A14D-7ADDF92C1B7C}
		{6E29A410-8B2A-4BCE-813D-3AE79A7D52D3} = {9D34DFC6-3A83-4CF8-9665-A0D0BFBD2703}
		{F2DC44CE-55B5-4100-AC36-106FC00CB95E} = {1E2D1473-3341-49E4-9248-00FF8AC63529}
		{ABD6B82D-5C1E-4E42-ACBC-D3475A4D926E} = {F2DC44CE-55B5-4100-AC36-106FC00CB95E}
		{E60F07C0-E04A-4835-8E36-BD74A766FD58} = {9891BC90-DF50-4CB6-A14D-7ADDF92C1B7C}
		{F96E7592-FB9F-46FA-82CF-05C12DC5BC20} = {E60F07C0-E04A-4835-8E36-BD74A766FD58}
		{FE31E8CB-4BE4-4D00-9B8B-675C920F31DC} = {F96E7592-FB9F-46FA-82CF-05C12DC5BC20}
		{AF425582-E3DA-4ADC-A98C-92CB5F9924F9} = {14C82874-70BB-4316-AF64-45F00A638C3E}
		{882DDBFA-0352-4517-BE9D-7AD8BE9B695D} = {37E2F015-D66C-4A98-9253-A89B701FD278}
		{4ED78650-7988-404C-985E-B29E20BA8CD1} = {228BC43D-2355-4D6C-8701-1BF0BE3D99E7}
		{156D9B41-CB9C-4E3A-8B2F-296163492F49} = {9D34DFC6-3A83-4CF8-9665-A0D0BFBD2703}
		{82888EBB-02DE-4632-BC33-98EA924DCD58} = {F0D99791-ED9D-4DAB-BCE4-BDEC43E2A739}
		{22E38B1A-114A-40E9-AC94-C8E443B58EC3} = {82888EBB-02DE-4632-BC33-98EA924DCD58}
		{97F61FC8-6EEB-4D7A-A4B2-6908952005E4} = {82888EBB-02DE-4632-BC33-98EA924DCD58}
		{3E1FF309-B165-43A9-9992-C0602CB1D297} = {82888EBB-02DE-4632-BC33-98EA924DCD58}
		{B993112A-2C6E-4D6B-B087-47FCBC33C020} = {A3672CBE-5565-499C-815D-0C4D119189AA}
		{E1D5C90E-06D6-4B51-8C99-B8F7B3C34BFC} = {A3672CBE-5565-499C-815D-0C4D119189AA}
		{382A4AB9-81DF-496C-9462-0BCCF4C53DCF} = {E1D5C90E-06D6-4B51-8C99-B8F7B3C34BFC}
		{4ABFF1B5-942D-4785-B458-7908996F3F25} = {E1D5C90E-06D6-4B51-8C99-B8F7B3C34BFC}
		{ED08C8B1-6574-45AF-BABA-F111413EE5C9} = {E1D5C90E-06D6-4B51-8C99-B8F7B3C34BFC}
		{0F4711AC-3BD4-4E8D-9E65-D0ECD0FE4121} = {E1D5C90E-06D6-4B51-8C99-B8F7B3C34BFC}
		{BB0C2FAF-B18E-46F9-85EC-A4E9CFAC538B} = {9D34DFC6-3A83-4CF8-9665-A0D0BFBD2703}
		{9A798880-9A25-464A-A168-1C6AD83AFE5C} = {37E2F015-D66C-4A98-9253-A89B701FD278}
		{77B2CC06-8BE3-4681-AF53-559D28B3CA3A} = {F0D99791-ED9D-4DAB-BCE4-BDEC43E2A739}
		{630825DC-F0C3-4341-A7D5-D9ED6E6D6503} = {77B2CC06-8BE3-4681-AF53-559D28B3CA3A}
		{6109589A-6360-4E3F-979B-654D995A3D9A} = {77B2CC06-8BE3-4681-AF53-559D28B3CA3A}
		{F079B871-16C1-4949-87C0-38E4DABC5CB3} = {77B2CC06-8BE3-4681-AF53-559D28B3CA3A}
		{3169BEA2-CA59-4428-A64A-121FADDBBADA} = {9891BC90-DF50-4CB6-A14D-7ADDF92C1B7C}
		{F95EC7FD-B51C-4A90-8342-1B40A6939531} = {3169BEA2-CA59-4428-A64A-121FADDBBADA}
		{D09AF99F-ABA5-4EFE-8251-2AAD0FB9EB30} = {F95EC7FD-B51C-4A90-8342-1B40A6939531}
		{225E7C42-C9D1-411F-9EC1-90BA00BE1C3C} = {F95EC7FD-B51C-4A90-8342-1B40A6939531}
		{4FF87CEB-1843-450B-A569-FF7E296133B4} = {3169BEA2-CA59-4428-A64A-121FADDBBADA}
		{594CEAD7-A298-4ABC-9A4C-901133354631} = {4FF87CEB-1843-450B-A569-FF7E296133B4}
		{51E9384D-F0C9-4AEE-BCB9-61661886604D} = {E1D5C90E-06D6-4B51-8C99-B8F7B3C34BFC}
		{E91DE99B-11FC-45F9-BB2C-1BA46EBE11B6} = {F0D99791-ED9D-4DAB-BCE4-BDEC43E2A739}
		{2F86EA0D-F8C2-4E32-93BF-2EA807635F5D} = {E1D5C90E-06D6-4B51-8C99-B8F7B3C34BFC}
		{67113D25-FD87-40F7-94FF-698F9A50F784} = {E1D5C90E-06D6-4B51-8C99-B8F7B3C34BFC}
		{EE453990-CC55-4734-A0D5-6FD271C208CD} = {E1D5C90E-06D6-4B51-8C99-B8F7B3C34BFC}
		{2833D5B2-0AD0-4EF4-A340-4F77259ABE6D} = {F0D99791-ED9D-4DAB-BCE4-BDEC43E2A739}
		{EF83CEE9-701A-4D96-BA21-8E24D0102556} = {9891BC90-DF50-4CB6-A14D-7ADDF92C1B7C}
		{A3586439-C99D-4F00-904D-2B61EF4BDD27} = {EF83CEE9-701A-4D96-BA21-8E24D0102556}
		{47E70E83-73E8-466D-9056-19F7E7EA5A8E} = {A3586439-C99D-4F00-904D-2B61EF4BDD27}
		{DE9AB180-3052-4247-A4D6-61FD3735F1B1} = {14C82874-70BB-4316-AF64-45F00A638C3E}
		{D859CEC3-D0AB-4571-9D05-9B4744E49E2B} = {2833D5B2-0AD0-4EF4-A340-4F77259ABE6D}
		{0C4C6D07-402A-410D-BE3E-672F7F664A9A} = {B5C0472E-0BF4-4773-996C-E9E4D471147A}
		{36C11AC1-B79C-4BAA-B6B0-0B6DBB0831A8} = {E1D5C90E-06D6-4B51-8C99-B8F7B3C34BFC}
	EndGlobalSection
	GlobalSection(ExtensibilityGlobals) = postSolution
		SolutionGuid = {EEE3AFA8-AC8C-42FB-A545-8017EB0FA301}
		EnterpriseLibraryConfigurationToolBinariesPathV6 = packages\EnterpriseLibrary.Common.6.0.1304.0\lib\NET45;packages\EnterpriseLibrary.Logging.6.0.1304.0\lib\NET45;packages\EnterpriseLibrary.ExceptionHandling.6.0.1304.0\lib\NET45
	EndGlobalSection
EndGlobal
